{
  "version": 4,
  "terraform_version": "1.4.6",
  "serial": 312,
  "lineage": "0514e436-176c-c64f-268b-f259b8833532",
  "outputs": {},
  "resources": [
    {
      "mode": "data",
      "type": "archive_file",
      "name": "DLQHandler_lambda_zip_file",
      "provider": "provider[\"registry.terraform.io/hashicorp/archive\"]",
      "instances": [
        {
          "schema_version": 0,
          "attributes": {
            "exclude_symlink_directories": null,
            "excludes": null,
            "id": "ca7ce14c05cf9aa26ebc5c3cfef9219aa5e73b43",
            "output_base64sha256": "hMOv4Lwfv7O55GENlejiUfABPPsO9OQFfnVayzl6Q6Y=",
            "output_base64sha512": "HJhaYapwLLsDX1UI1rEAhF5oJndqYeoKXIKEPcnjX42lXlyvYDznIvak7GhEr3We7jg2DR3m3j+uQCWTYn8D5Q==",
            "output_file_mode": null,
            "output_md5": "9dd529dd3dfd379bc98663af1711e193",
            "output_path": "./DLQHandler_lambda.zip",
            "output_sha": "ca7ce14c05cf9aa26ebc5c3cfef9219aa5e73b43",
            "output_sha256": "84c3afe0bc1fbfb3b9e4610d95e8e251f0013cfb0ef4e4057e755acb397a43a6",
            "output_sha512": "1c985a61aa702cbb035f5508d6b100845e6826776a61ea0a5c82843dc9e35f8da55e5caf603ce722f6a4ec6844af759eee38360d1de6de3fae402593627f03e5",
            "output_size": 14120232,
            "source": [],
            "source_content": null,
            "source_content_filename": null,
            "source_dir": "./../Lambda/DLQHandler",
            "source_file": null,
            "type": "zip"
          },
          "sensitive_attributes": []
        }
      ]
    },
    {
      "mode": "data",
      "type": "archive_file",
      "name": "broker_lambda_zip_file",
      "provider": "provider[\"registry.terraform.io/hashicorp/archive\"]",
      "instances": [
        {
          "schema_version": 0,
          "attributes": {
            "exclude_symlink_directories": null,
            "excludes": null,
            "id": "aa2ed817ee2a812dbafff59bb07aaf0cdd69982c",
            "output_base64sha256": "IkRhwN3fBtGsdlTGKJFsOBkMOF7racklS/oeQ17Bv+A=",
            "output_base64sha512": "OM2cJB/bIw/x+HkMB4vtQGVNpHoP6tsQ3J2nWwk+HNwicawMknp4t/1xtGwy0/CdgetV4yW6IK2DpZMZKoET4A==",
            "output_file_mode": null,
            "output_md5": "dc446cbe655202d7d8c3d6767c28cf43",
            "output_path": "./broker_lambda.zip",
            "output_sha": "aa2ed817ee2a812dbafff59bb07aaf0cdd69982c",
            "output_sha256": "224461c0dddf06d1ac7654c628916c38190c385eeb69c9254bfa1e435ec1bfe0",
            "output_sha512": "38cd9c241fdb230ff1f8790c078bed40654da47a0feadb10dc9da75b093e1cdc2271ac0c927a78b7fd71b46c32d3f09d81eb55e325ba20ad83a593192a8113e0",
            "output_size": 88832,
            "source": [],
            "source_content": null,
            "source_content_filename": null,
            "source_dir": "./../Lambda/broker",
            "source_file": null,
            "type": "zip"
          },
          "sensitive_attributes": []
        }
      ]
    },
    {
      "mode": "data",
      "type": "archive_file",
      "name": "email_lambda_zip_file",
      "provider": "provider[\"registry.terraform.io/hashicorp/archive\"]",
      "instances": [
        {
          "schema_version": 0,
          "attributes": {
            "exclude_symlink_directories": null,
            "excludes": null,
            "id": "27ff9f2d7de07d9946fe67164fd7fe03ae1df0fc",
            "output_base64sha256": "nPQCM7JQGprankPX0wfSBOtVVDCHomUqJKupNyDowaY=",
            "output_base64sha512": "cxP0UmKaMtSBuaeCxrQV9DqzedwmEqyFdzDl+RBEiJybHFQPAKOU7lbPclcfPgNmVknRCZfSEfq8Llc4ZcWcTw==",
            "output_file_mode": null,
            "output_md5": "2613c1f2054ff08f4f49ac927bbff01d",
            "output_path": "./email_lambda.zip",
            "output_sha": "27ff9f2d7de07d9946fe67164fd7fe03ae1df0fc",
            "output_sha256": "9cf40233b2501a9ada9e43d7d307d204eb55543087a2652a24aba93720e8c1a6",
            "output_sha512": "7313f452629a32d481b9a782c6b415f43ab379dc2612ac857730e5f91044889c9b1c540f00a394ee56cf72571f3e03665649d10997d211fabc2e573865c59c4f",
            "output_size": 25730616,
            "source": [],
            "source_content": null,
            "source_content_filename": null,
            "source_dir": "./../Lambda/sendEmail",
            "source_file": null,
            "type": "zip"
          },
          "sensitive_attributes": []
        }
      ]
    },
    {
      "mode": "data",
      "type": "archive_file",
      "name": "fundingupdate_lambda_zip_file",
      "provider": "provider[\"registry.terraform.io/hashicorp/archive\"]",
      "instances": [
        {
          "schema_version": 0,
          "attributes": {
            "exclude_symlink_directories": null,
            "excludes": null,
            "id": "a5c79613042416782e4e8f666b3768e4b006135c",
            "output_base64sha256": "bMqZ4b3DXxtNus9VZ3PU0O2al4s1JCogR+Xk72jSdKc=",
            "output_base64sha512": "rcO8BK8Xxgrz8Ct5kFuvq+ptXHN8i7msXtZ+X8GcH6gfjCwPt/z1p3d/1y3ZkumZQ3oYjUIzoBJVaKzdT12sbw==",
            "output_file_mode": null,
            "output_md5": "f4b2e8a9d37140d7100aff30f2f37955",
            "output_path": "./fundingUpdate_lambda.zip",
            "output_sha": "a5c79613042416782e4e8f666b3768e4b006135c",
            "output_sha256": "6cca99e1bdc35f1b4dbacf556773d4d0ed9a978b35242a2047e5e4ef68d274a7",
            "output_sha512": "adc3bc04af17c60af3f02b79905bafabea6d5c737c8bb9ac5ed67e5fc19c1fa81f8c2c0fb7fcf5a7777fd72dd992e999437a188d4233a0125568acdd4f5dac6f",
            "output_size": 14121362,
            "source": [],
            "source_content": null,
            "source_content_filename": null,
            "source_dir": "./../Lambda/fundingUpdate",
            "source_file": null,
            "type": "zip"
          },
          "sensitive_attributes": []
        }
      ]
    },
    {
      "mode": "data",
      "type": "archive_file",
      "name": "pg_lambda_zip_file",
      "provider": "provider[\"registry.terraform.io/hashicorp/archive\"]",
      "instances": [
        {
          "schema_version": 0,
          "attributes": {
            "exclude_symlink_directories": null,
            "excludes": null,
            "id": "0f0e3f341f460666ee1d803528da1992c8027d1e",
            "output_base64sha256": "aHOkn1b7RZqdeD/UY45A0/ny7pSa63AA9CG5FFrUHr4=",
            "output_base64sha512": "T1w7enswQ6uoTItmMJMqqpj3viSv/GCH4Dk1SO/DwoY61Hx/DQ9tBCoHIVibkpPTSEVWQKIZ6Uigyv/ngR4OtQ==",
            "output_file_mode": null,
            "output_md5": "c5d16f56adff54952f01ca3aad3c614e",
            "output_path": "./pg_lambda.zip",
            "output_sha": "0f0e3f341f460666ee1d803528da1992c8027d1e",
            "output_sha256": "6873a49f56fb459a9d783fd4638e40d3f9f2ee949aeb7000f421b9145ad41ebe",
            "output_sha512": "4f5c3b7a7b3043aba84c8b6630932aaa98f7be24affc6087e0393548efc3c2863ad47c7f0d0f6d042a0721589b9293d348455640a219e948a0caffe7811e0eb5",
            "output_size": 25729113,
            "source": [],
            "source_content": null,
            "source_content_filename": null,
            "source_dir": "./../Lambda/pg",
            "source_file": null,
            "type": "zip"
          },
          "sensitive_attributes": []
        }
      ]
    },
    {
      "mode": "data",
      "type": "archive_file",
      "name": "transaction_lambda_zip_file",
      "provider": "provider[\"registry.terraform.io/hashicorp/archive\"]",
      "instances": [
        {
          "schema_version": 0,
          "attributes": {
            "exclude_symlink_directories": null,
            "excludes": null,
            "id": "d0d1e3de9583d5c8414adf801b094e81c5308f84",
            "output_base64sha256": "9T3AWr9BOf4dabYRgPtW0Q+VEr7LO6MyfIttNayJOSk=",
            "output_base64sha512": "gVOhAFwXcts8wZX8XWQQZyhryrUule9UMtvXG/kQACLgq5SgEwSELgfw+ZcsxuouHBNAXoiPhjbXhEKaWa3NTA==",
            "output_file_mode": null,
            "output_md5": "80c116c1b403ecea27a5f65720e84919",
            "output_path": "./transaction_lambda.zip",
            "output_sha": "d0d1e3de9583d5c8414adf801b094e81c5308f84",
            "output_sha256": "f53dc05abf4139fe1d69b61180fb56d10f9512becb3ba3327c8b6d35ac893929",
            "output_sha512": "8153a1005c1772db3cc195fc5d641067286bcab52e95ef5432dbd71bf9100022e0ab94a01304842e07f0f9972cc6ea2e1c13405e888f8636d784429a59adcd4c",
            "output_size": 25681444,
            "source": [],
            "source_content": null,
            "source_content_filename": null,
            "source_dir": "./../Lambda/transactionCheck",
            "source_file": null,
            "type": "zip"
          },
          "sensitive_attributes": []
        }
      ]
    },
    {
      "mode": "data",
      "type": "aws_caller_identity",
      "name": "current1",
      "provider": "provider[\"registry.terraform.io/hashicorp/aws\"]",
      "instances": [
        {
          "schema_version": 0,
          "attributes": {
            "account_id": "156557625960",
            "arn": "arn:aws:iam::156557625960:user/fastcampus",
            "id": "156557625960",
            "user_id": "AIDASI44PZJUIABETSQNN"
          },
          "sensitive_attributes": []
        }
      ]
    },
    {
      "mode": "data",
      "type": "aws_caller_identity",
      "name": "current3",
      "provider": "provider[\"registry.terraform.io/hashicorp/aws\"]",
      "instances": [
        {
          "schema_version": 0,
          "attributes": {
            "account_id": "156557625960",
            "arn": "arn:aws:iam::156557625960:user/fastcampus",
            "id": "156557625960",
            "user_id": "AIDASI44PZJUIABETSQNN"
          },
          "sensitive_attributes": []
        }
      ]
    },
    {
      "mode": "data",
      "type": "aws_caller_identity",
      "name": "current4",
      "provider": "provider[\"registry.terraform.io/hashicorp/aws\"]",
      "instances": [
        {
          "schema_version": 0,
          "attributes": {
            "account_id": "156557625960",
            "arn": "arn:aws:iam::156557625960:user/fastcampus",
            "id": "156557625960",
            "user_id": "AIDASI44PZJUIABETSQNN"
          },
          "sensitive_attributes": []
        }
      ]
    },
    {
      "mode": "data",
      "type": "aws_caller_identity",
      "name": "current5",
      "provider": "provider[\"registry.terraform.io/hashicorp/aws\"]",
      "instances": [
        {
          "schema_version": 0,
          "attributes": {
            "account_id": "156557625960",
            "arn": "arn:aws:iam::156557625960:user/fastcampus",
            "id": "156557625960",
            "user_id": "AIDASI44PZJUIABETSQNN"
          },
          "sensitive_attributes": []
        }
      ]
    },
    {
      "mode": "data",
      "type": "aws_caller_identity",
      "name": "current7",
      "provider": "provider[\"registry.terraform.io/hashicorp/aws\"]",
      "instances": [
        {
          "schema_version": 0,
          "attributes": {
            "account_id": "156557625960",
            "arn": "arn:aws:iam::156557625960:user/fastcampus",
            "id": "156557625960",
            "user_id": "AIDASI44PZJUIABETSQNN"
          },
          "sensitive_attributes": []
        }
      ]
    },
    {
      "mode": "data",
      "type": "aws_caller_identity",
      "name": "current8",
      "provider": "provider[\"registry.terraform.io/hashicorp/aws\"]",
      "instances": [
        {
          "schema_version": 0,
          "attributes": {
            "account_id": "156557625960",
            "arn": "arn:aws:iam::156557625960:user/fastcampus",
            "id": "156557625960",
            "user_id": "AIDASI44PZJUIABETSQNN"
          },
          "sensitive_attributes": []
        }
      ]
    },
    {
      "mode": "data",
      "type": "aws_iam_policy_document",
      "name": "after_approval_policy",
      "provider": "provider[\"registry.terraform.io/hashicorp/aws\"]",
      "instances": [
        {
          "schema_version": 0,
          "attributes": {
            "id": "4209578223",
            "json": "{\n  \"Version\": \"2012-10-17\",\n  \"Id\": \"__default_policy_ID9\",\n  \"Statement\": [\n    {\n      \"Sid\": \"__default_statement_ID\",\n      \"Effect\": \"Allow\",\n      \"Action\": [\n        \"SNS:Subscribe\",\n        \"SNS:SetTopicAttributes\",\n        \"SNS:RemovePermission\",\n        \"SNS:Receive\",\n        \"SNS:Publish\",\n        \"SNS:ListSubscriptionsByTopic\",\n        \"SNS:GetTopicAttributes\",\n        \"SNS:DeleteTopic\",\n        \"SNS:AddPermission\"\n      ],\n      \"Resource\": \"arn:aws:sns:ap-northeast-2:156557625960:after_approval\",\n      \"Principal\": {\n        \"AWS\": \"*\"\n      },\n      \"Condition\": {\n        \"StringEquals\": {\n          \"AWS:SourceOwner\": \"138191045074\"\n        }\n      }\n    }\n  ]\n}",
            "override_json": null,
            "override_policy_documents": null,
            "policy_id": "__default_policy_ID9",
            "source_json": null,
            "source_policy_documents": null,
            "statement": [
              {
                "actions": [
                  "SNS:AddPermission",
                  "SNS:DeleteTopic",
                  "SNS:GetTopicAttributes",
                  "SNS:ListSubscriptionsByTopic",
                  "SNS:Publish",
                  "SNS:Receive",
                  "SNS:RemovePermission",
                  "SNS:SetTopicAttributes",
                  "SNS:Subscribe"
                ],
                "condition": [
                  {
                    "test": "StringEquals",
                    "values": [
                      "138191045074"
                    ],
                    "variable": "AWS:SourceOwner"
                  }
                ],
                "effect": "Allow",
                "not_actions": [],
                "not_principals": [],
                "not_resources": [],
                "principals": [
                  {
                    "identifiers": [
                      "*"
                    ],
                    "type": "AWS"
                  }
                ],
                "resources": [
                  "arn:aws:sns:ap-northeast-2:156557625960:after_approval"
                ],
                "sid": "__default_statement_ID"
              }
            ],
            "version": "2012-10-17"
          },
          "sensitive_attributes": []
        }
      ]
    },
    {
      "mode": "data",
      "type": "aws_iam_policy_document",
      "name": "broker_lambda_policy_document",
      "provider": "provider[\"registry.terraform.io/hashicorp/aws\"]",
      "instances": [
        {
          "schema_version": 0,
          "attributes": {
            "id": "770407294",
            "json": "{\n  \"Version\": \"2012-10-17\",\n  \"Statement\": [\n    {\n      \"Sid\": \"\",\n      \"Effect\": \"Allow\",\n      \"Action\": \"sns:Publish\",\n      \"Resource\": [\n        \"arn:aws:sns:ap-northeast-2:156557625960:payment_attempt\",\n        \"arn:aws:sns:ap-northeast-2:156557625960:goal_achievement\"\n      ]\n    }\n  ]\n}",
            "override_json": null,
            "override_policy_documents": null,
            "policy_id": null,
            "source_json": null,
            "source_policy_documents": null,
            "statement": [
              {
                "actions": [
                  "sns:Publish"
                ],
                "condition": [],
                "effect": "Allow",
                "not_actions": [],
                "not_principals": [],
                "not_resources": [],
                "principals": [],
                "resources": [
                  "arn:aws:sns:ap-northeast-2:156557625960:goal_achievement",
                  "arn:aws:sns:ap-northeast-2:156557625960:payment_attempt"
                ],
                "sid": ""
              }
            ],
            "version": "2012-10-17"
          },
          "sensitive_attributes": []
        }
      ]
    },
    {
      "mode": "data",
      "type": "aws_iam_policy_document",
      "name": "goal_achievement_policy",
      "provider": "provider[\"registry.terraform.io/hashicorp/aws\"]",
      "instances": [
        {
          "schema_version": 0,
          "attributes": {
            "id": "2142058452",
            "json": "{\n  \"Version\": \"2012-10-17\",\n  \"Id\": \"__default_policy_ID8\",\n  \"Statement\": [\n    {\n      \"Sid\": \"__default_statement_ID\",\n      \"Effect\": \"Allow\",\n      \"Action\": [\n        \"SNS:Subscribe\",\n        \"SNS:SetTopicAttributes\",\n        \"SNS:RemovePermission\",\n        \"SNS:Receive\",\n        \"SNS:Publish\",\n        \"SNS:ListSubscriptionsByTopic\",\n        \"SNS:GetTopicAttributes\",\n        \"SNS:DeleteTopic\",\n        \"SNS:AddPermission\"\n      ],\n      \"Resource\": \"arn:aws:sns:ap-northeast-2:156557625960:goal_achievement\",\n      \"Principal\": {\n        \"AWS\": \"*\"\n      },\n      \"Condition\": {\n        \"StringEquals\": {\n          \"AWS:SourceOwner\": \"138191045074\"\n        }\n      }\n    }\n  ]\n}",
            "override_json": null,
            "override_policy_documents": null,
            "policy_id": "__default_policy_ID8",
            "source_json": null,
            "source_policy_documents": null,
            "statement": [
              {
                "actions": [
                  "SNS:AddPermission",
                  "SNS:DeleteTopic",
                  "SNS:GetTopicAttributes",
                  "SNS:ListSubscriptionsByTopic",
                  "SNS:Publish",
                  "SNS:Receive",
                  "SNS:RemovePermission",
                  "SNS:SetTopicAttributes",
                  "SNS:Subscribe"
                ],
                "condition": [
                  {
                    "test": "StringEquals",
                    "values": [
                      "138191045074"
                    ],
                    "variable": "AWS:SourceOwner"
                  }
                ],
                "effect": "Allow",
                "not_actions": [],
                "not_principals": [],
                "not_resources": [],
                "principals": [
                  {
                    "identifiers": [
                      "*"
                    ],
                    "type": "AWS"
                  }
                ],
                "resources": [
                  "arn:aws:sns:ap-northeast-2:156557625960:goal_achievement"
                ],
                "sid": "__default_statement_ID"
              }
            ],
            "version": "2012-10-17"
          },
          "sensitive_attributes": []
        }
      ]
    },
    {
      "mode": "data",
      "type": "aws_iam_policy_document",
      "name": "payment_attempt_policy",
      "provider": "provider[\"registry.terraform.io/hashicorp/aws\"]",
      "instances": [
        {
          "schema_version": 0,
          "attributes": {
            "id": "3578438891",
            "json": "{\n  \"Version\": \"2012-10-17\",\n  \"Id\": \"__default_policy_ID3\",\n  \"Statement\": [\n    {\n      \"Sid\": \"__default_statement_ID\",\n      \"Effect\": \"Allow\",\n      \"Action\": [\n        \"SNS:Subscribe\",\n        \"SNS:SetTopicAttributes\",\n        \"SNS:RemovePermission\",\n        \"SNS:Receive\",\n        \"SNS:Publish\",\n        \"SNS:ListSubscriptionsByTopic\",\n        \"SNS:GetTopicAttributes\",\n        \"SNS:DeleteTopic\",\n        \"SNS:AddPermission\"\n      ],\n      \"Resource\": \"arn:aws:sns:ap-northeast-2:156557625960:payment_attempt\",\n      \"Principal\": {\n        \"AWS\": \"*\"\n      },\n      \"Condition\": {\n        \"StringEquals\": {\n          \"AWS:SourceOwner\": \"138191045074\"\n        }\n      }\n    }\n  ]\n}",
            "override_json": null,
            "override_policy_documents": null,
            "policy_id": "__default_policy_ID3",
            "source_json": null,
            "source_policy_documents": null,
            "statement": [
              {
                "actions": [
                  "SNS:AddPermission",
                  "SNS:DeleteTopic",
                  "SNS:GetTopicAttributes",
                  "SNS:ListSubscriptionsByTopic",
                  "SNS:Publish",
                  "SNS:Receive",
                  "SNS:RemovePermission",
                  "SNS:SetTopicAttributes",
                  "SNS:Subscribe"
                ],
                "condition": [
                  {
                    "test": "StringEquals",
                    "values": [
                      "138191045074"
                    ],
                    "variable": "AWS:SourceOwner"
                  }
                ],
                "effect": "Allow",
                "not_actions": [],
                "not_principals": [],
                "not_resources": [],
                "principals": [
                  {
                    "identifiers": [
                      "*"
                    ],
                    "type": "AWS"
                  }
                ],
                "resources": [
                  "arn:aws:sns:ap-northeast-2:156557625960:payment_attempt"
                ],
                "sid": "__default_statement_ID"
              }
            ],
            "version": "2012-10-17"
          },
          "sensitive_attributes": []
        }
      ]
    },
    {
      "mode": "data",
      "type": "aws_iam_policy_document",
      "name": "payment_result_mailing_policy",
      "provider": "provider[\"registry.terraform.io/hashicorp/aws\"]",
      "instances": [
        {
          "schema_version": 0,
          "attributes": {
            "id": "4278661973",
            "json": "{\n  \"Version\": \"2012-10-17\",\n  \"Id\": \"__default_policy_ID7\",\n  \"Statement\": [\n    {\n      \"Sid\": \"__default_statement_ID\",\n      \"Effect\": \"Allow\",\n      \"Action\": [\n        \"SNS:Subscribe\",\n        \"SNS:SetTopicAttributes\",\n        \"SNS:RemovePermission\",\n        \"SNS:Receive\",\n        \"SNS:Publish\",\n        \"SNS:ListSubscriptionsByTopic\",\n        \"SNS:GetTopicAttributes\",\n        \"SNS:DeleteTopic\",\n        \"SNS:AddPermission\"\n      ],\n      \"Resource\": \"arn:aws:sns:ap-northeast-2:156557625960:payment_result_mailing\",\n      \"Principal\": {\n        \"AWS\": \"*\"\n      },\n      \"Condition\": {\n        \"StringEquals\": {\n          \"AWS:SourceOwner\": \"138191045074\"\n        }\n      }\n    }\n  ]\n}",
            "override_json": null,
            "override_policy_documents": null,
            "policy_id": "__default_policy_ID7",
            "source_json": null,
            "source_policy_documents": null,
            "statement": [
              {
                "actions": [
                  "SNS:AddPermission",
                  "SNS:DeleteTopic",
                  "SNS:GetTopicAttributes",
                  "SNS:ListSubscriptionsByTopic",
                  "SNS:Publish",
                  "SNS:Receive",
                  "SNS:RemovePermission",
                  "SNS:SetTopicAttributes",
                  "SNS:Subscribe"
                ],
                "condition": [
                  {
                    "test": "StringEquals",
                    "values": [
                      "138191045074"
                    ],
                    "variable": "AWS:SourceOwner"
                  }
                ],
                "effect": "Allow",
                "not_actions": [],
                "not_principals": [],
                "not_resources": [],
                "principals": [
                  {
                    "identifiers": [
                      "*"
                    ],
                    "type": "AWS"
                  }
                ],
                "resources": [
                  "arn:aws:sns:ap-northeast-2:156557625960:payment_result_mailing"
                ],
                "sid": "__default_statement_ID"
              }
            ],
            "version": "2012-10-17"
          },
          "sensitive_attributes": []
        }
      ]
    },
    {
      "mode": "data",
      "type": "aws_iam_policy_document",
      "name": "pg_lambda_policy_document",
      "provider": "provider[\"registry.terraform.io/hashicorp/aws\"]",
      "instances": [
        {
          "schema_version": 0,
          "attributes": {
            "id": "1913878397",
            "json": "{\n  \"Version\": \"2012-10-17\",\n  \"Statement\": [\n    {\n      \"Sid\": \"\",\n      \"Effect\": \"Allow\",\n      \"Action\": \"sns:Publish\",\n      \"Resource\": [\n        \"arn:aws:sns:ap-northeast-2:156557625960:payment_result_mailing\",\n        \"arn:aws:sns:ap-northeast-2:156557625960:after_approval\"\n      ]\n    }\n  ]\n}",
            "override_json": null,
            "override_policy_documents": null,
            "policy_id": null,
            "source_json": null,
            "source_policy_documents": null,
            "statement": [
              {
                "actions": [
                  "sns:Publish"
                ],
                "condition": [],
                "effect": "Allow",
                "not_actions": [],
                "not_principals": [],
                "not_resources": [],
                "principals": [],
                "resources": [
                  "arn:aws:sns:ap-northeast-2:156557625960:after_approval",
                  "arn:aws:sns:ap-northeast-2:156557625960:payment_result_mailing"
                ],
                "sid": ""
              }
            ],
            "version": "2012-10-17"
          },
          "sensitive_attributes": []
        }
      ]
    },
    {
      "mode": "data",
      "type": "aws_iam_policy_document",
      "name": "transaction_lambda_policy_document",
      "provider": "provider[\"registry.terraform.io/hashicorp/aws\"]",
      "instances": [
        {
          "schema_version": 0,
          "attributes": {
            "id": "1784948137",
            "json": "{\n  \"Version\": \"2012-10-17\",\n  \"Statement\": [\n    {\n      \"Sid\": \"\",\n      \"Effect\": \"Allow\",\n      \"Action\": \"sns:Publish\",\n      \"Resource\": [\n        \"arn:aws:sns:ap-northeast-2:156557625960:payment_attempt\",\n        \"arn:aws:sns:ap-northeast-2:156557625960:goal_achievement\",\n        \"arn:aws:sns:ap-northeast-2:156557625960:after_approval\"\n      ]\n    }\n  ]\n}",
            "override_json": null,
            "override_policy_documents": null,
            "policy_id": null,
            "source_json": null,
            "source_policy_documents": null,
            "statement": [
              {
                "actions": [
                  "sns:Publish"
                ],
                "condition": [],
                "effect": "Allow",
                "not_actions": [],
                "not_principals": [],
                "not_resources": [],
                "principals": [],
                "resources": [
                  "arn:aws:sns:ap-northeast-2:156557625960:after_approval",
                  "arn:aws:sns:ap-northeast-2:156557625960:goal_achievement",
                  "arn:aws:sns:ap-northeast-2:156557625960:payment_attempt"
                ],
                "sid": ""
              }
            ],
            "version": "2012-10-17"
          },
          "sensitive_attributes": []
        }
      ]
    },
    {
      "mode": "data",
      "type": "aws_region",
      "name": "current1",
      "provider": "provider[\"registry.terraform.io/hashicorp/aws\"]",
      "instances": [
        {
          "schema_version": 0,
          "attributes": {
            "description": "Asia Pacific (Seoul)",
            "endpoint": "ec2.ap-northeast-2.amazonaws.com",
            "id": "ap-northeast-2",
            "name": "ap-northeast-2"
          },
          "sensitive_attributes": []
        }
      ]
    },
    {
      "mode": "data",
      "type": "aws_region",
      "name": "current3",
      "provider": "provider[\"registry.terraform.io/hashicorp/aws\"]",
      "instances": [
        {
          "schema_version": 0,
          "attributes": {
            "description": "Asia Pacific (Seoul)",
            "endpoint": "ec2.ap-northeast-2.amazonaws.com",
            "id": "ap-northeast-2",
            "name": "ap-northeast-2"
          },
          "sensitive_attributes": []
        }
      ]
    },
    {
      "mode": "data",
      "type": "aws_region",
      "name": "current4",
      "provider": "provider[\"registry.terraform.io/hashicorp/aws\"]",
      "instances": [
        {
          "schema_version": 0,
          "attributes": {
            "description": "Asia Pacific (Seoul)",
            "endpoint": "ec2.ap-northeast-2.amazonaws.com",
            "id": "ap-northeast-2",
            "name": "ap-northeast-2"
          },
          "sensitive_attributes": []
        }
      ]
    },
    {
      "mode": "data",
      "type": "aws_region",
      "name": "current5",
      "provider": "provider[\"registry.terraform.io/hashicorp/aws\"]",
      "instances": [
        {
          "schema_version": 0,
          "attributes": {
            "description": "Asia Pacific (Seoul)",
            "endpoint": "ec2.ap-northeast-2.amazonaws.com",
            "id": "ap-northeast-2",
            "name": "ap-northeast-2"
          },
          "sensitive_attributes": []
        }
      ]
    },
    {
      "mode": "data",
      "type": "aws_region",
      "name": "current7",
      "provider": "provider[\"registry.terraform.io/hashicorp/aws\"]",
      "instances": [
        {
          "schema_version": 0,
          "attributes": {
            "description": "Asia Pacific (Seoul)",
            "endpoint": "ec2.ap-northeast-2.amazonaws.com",
            "id": "ap-northeast-2",
            "name": "ap-northeast-2"
          },
          "sensitive_attributes": []
        }
      ]
    },
    {
      "mode": "data",
      "type": "aws_region",
      "name": "current8",
      "provider": "provider[\"registry.terraform.io/hashicorp/aws\"]",
      "instances": [
        {
          "schema_version": 0,
          "attributes": {
            "description": "Asia Pacific (Seoul)",
            "endpoint": "ec2.ap-northeast-2.amazonaws.com",
            "id": "ap-northeast-2",
            "name": "ap-northeast-2"
          },
          "sensitive_attributes": []
        }
      ]
    },
    {
      "mode": "managed",
      "type": "aws_api_gateway_deployment",
      "name": "api_deployment",
      "provider": "provider[\"registry.terraform.io/hashicorp/aws\"]",
      "instances": [
        {
          "schema_version": 0,
          "attributes": {
            "created_date": "2023-06-27T05:12:15Z",
            "description": "",
            "execution_arn": "arn:aws:execute-api:ap-northeast-2:156557625960:e87z0kfwe1/prod",
            "id": "uw66uk",
            "invoke_url": "https://e87z0kfwe1.execute-api.ap-northeast-2.amazonaws.com/prod",
            "rest_api_id": "e87z0kfwe1",
            "stage_description": null,
            "stage_name": "prod",
            "triggers": null,
            "variables": null
          },
          "sensitive_attributes": [],
          "private": "bnVsbA==",
          "dependencies": [
            "aws_api_gateway_integration.api_integration",
            "aws_api_gateway_method.api_method",
            "aws_api_gateway_method_response.api_method_response",
            "aws_api_gateway_resource.api_resource",
            "aws_api_gateway_rest_api.my_api_gateway",
            "aws_iam_role.broker_lambda_role",
            "aws_lambda_function.broker_lambda",
            "aws_sns_topic.goal_achievement",
            "aws_sns_topic.payment_attempt",
            "data.archive_file.broker_lambda_zip_file"
          ]
        }
      ]
    },
    {
      "mode": "managed",
      "type": "aws_api_gateway_integration",
      "name": "api_integration",
      "provider": "provider[\"registry.terraform.io/hashicorp/aws\"]",
      "instances": [
        {
          "schema_version": 0,
          "attributes": {
            "cache_key_parameters": [],
            "cache_namespace": "mkbsef",
            "connection_id": "",
            "connection_type": "INTERNET",
            "content_handling": "",
            "credentials": "",
            "http_method": "POST",
            "id": "agi-e87z0kfwe1-mkbsef-POST",
            "integration_http_method": "POST",
            "passthrough_behavior": "WHEN_NO_MATCH",
            "request_parameters": {},
            "request_templates": {},
            "resource_id": "mkbsef",
            "rest_api_id": "e87z0kfwe1",
            "timeout_milliseconds": 29000,
            "tls_config": [],
            "type": "AWS_PROXY",
            "uri": "arn:aws:apigateway:ap-northeast-2:lambda:path/2015-03-31/functions/arn:aws:lambda:ap-northeast-2:156557625960:function:broker2/invocations"
          },
          "sensitive_attributes": [],
          "private": "bnVsbA==",
          "dependencies": [
            "aws_api_gateway_method.api_method",
            "aws_api_gateway_resource.api_resource",
            "aws_api_gateway_rest_api.my_api_gateway",
            "aws_iam_role.broker_lambda_role",
            "aws_lambda_function.broker_lambda",
            "aws_sns_topic.goal_achievement",
            "aws_sns_topic.payment_attempt",
            "data.archive_file.broker_lambda_zip_file"
          ]
        }
      ]
    },
    {
      "mode": "managed",
      "type": "aws_api_gateway_method",
      "name": "api_method",
      "provider": "provider[\"registry.terraform.io/hashicorp/aws\"]",
      "instances": [
        {
          "schema_version": 0,
          "attributes": {
            "api_key_required": false,
            "authorization": "NONE",
            "authorization_scopes": [],
            "authorizer_id": "",
            "http_method": "POST",
            "id": "agm-e87z0kfwe1-mkbsef-POST",
            "operation_name": "",
            "request_models": {},
            "request_parameters": {},
            "request_validator_id": "",
            "resource_id": "mkbsef",
            "rest_api_id": "e87z0kfwe1"
          },
          "sensitive_attributes": [],
          "private": "bnVsbA==",
          "dependencies": [
            "aws_api_gateway_resource.api_resource",
            "aws_api_gateway_rest_api.my_api_gateway"
          ]
        }
      ]
    },
    {
      "mode": "managed",
      "type": "aws_api_gateway_method_response",
      "name": "api_method_response",
      "provider": "provider[\"registry.terraform.io/hashicorp/aws\"]",
      "instances": [
        {
          "schema_version": 0,
          "attributes": {
            "http_method": "POST",
            "id": "agmr-e87z0kfwe1-mkbsef-POST-200",
            "resource_id": "mkbsef",
            "response_models": {
              "application/json": "Empty"
            },
            "response_parameters": {},
            "rest_api_id": "e87z0kfwe1",
            "status_code": "200"
          },
          "sensitive_attributes": [],
          "private": "bnVsbA==",
          "dependencies": [
            "aws_api_gateway_method.api_method",
            "aws_api_gateway_resource.api_resource",
            "aws_api_gateway_rest_api.my_api_gateway"
          ]
        }
      ]
    },
    {
      "mode": "managed",
      "type": "aws_api_gateway_resource",
      "name": "api_resource",
      "provider": "provider[\"registry.terraform.io/hashicorp/aws\"]",
      "instances": [
        {
          "schema_version": 0,
          "attributes": {
            "id": "mkbsef",
            "parent_id": "h755fkq6sb",
            "path": "/broker",
            "path_part": "broker",
            "rest_api_id": "e87z0kfwe1"
          },
          "sensitive_attributes": [],
          "private": "bnVsbA==",
          "dependencies": [
            "aws_api_gateway_rest_api.my_api_gateway"
          ]
        }
      ]
    },
    {
      "mode": "managed",
      "type": "aws_api_gateway_rest_api",
      "name": "my_api_gateway",
      "provider": "provider[\"registry.terraform.io/hashicorp/aws\"]",
      "instances": [
        {
          "schema_version": 0,
          "attributes": {
            "api_key_source": "HEADER",
            "arn": "arn:aws:apigateway:ap-northeast-2::/restapis/e87z0kfwe1",
            "binary_media_types": [],
            "body": null,
            "created_date": "2023-06-27T02:25:28Z",
            "description": "My API Gateway",
            "disable_execute_api_endpoint": false,
            "endpoint_configuration": [
              {
                "types": [
                  "EDGE"
                ],
                "vpc_endpoint_ids": []
              }
            ],
            "execution_arn": "arn:aws:execute-api:ap-northeast-2:156557625960:e87z0kfwe1",
            "fail_on_warnings": null,
            "id": "e87z0kfwe1",
            "minimum_compression_size": -1,
            "name": "my-api-gateway",
            "parameters": null,
            "policy": "",
            "put_rest_api_mode": null,
            "root_resource_id": "h755fkq6sb",
            "tags": {},
            "tags_all": {}
          },
          "sensitive_attributes": [],
          "private": "bnVsbA=="
        }
      ]
    },
    {
      "mode": "managed",
      "type": "aws_cloudwatch_log_group",
      "name": "DLQHandler_lambda_loggroup",
      "provider": "provider[\"registry.terraform.io/hashicorp/aws\"]",
      "instances": [
        {
          "schema_version": 0,
          "attributes": {
            "arn": "arn:aws:logs:ap-northeast-2:156557625960:log-group:/aws/lambda/DLQHandler",
            "id": "/aws/lambda/DLQHandler",
            "kms_key_id": "",
            "name": "/aws/lambda/DLQHandler",
            "name_prefix": "",
            "retention_in_days": 14,
            "skip_destroy": false,
            "tags": {},
            "tags_all": {}
          },
          "sensitive_attributes": [],
          "private": "bnVsbA==",
          "dependencies": [
            "aws_iam_role.DLQHandler_lambda_role",
            "aws_lambda_function.DLQHandler_lambda",
            "aws_sqs_queue.payment_attempt_dlq",
            "aws_sqs_queue.payment_result_mailing_dlq",
            "aws_sqs_queue.payment_result_mailing_queue",
            "data.archive_file.DLQHandler_lambda_zip_file"
          ]
        }
      ]
    },
    {
      "mode": "managed",
      "type": "aws_cloudwatch_log_group",
      "name": "broker_lambda_loggroup",
      "provider": "provider[\"registry.terraform.io/hashicorp/aws\"]",
      "instances": [
        {
          "schema_version": 0,
          "attributes": {
            "arn": "arn:aws:logs:ap-northeast-2:156557625960:log-group:/aws/lambda/broker2",
            "id": "/aws/lambda/broker2",
            "kms_key_id": "",
            "name": "/aws/lambda/broker2",
            "name_prefix": "",
            "retention_in_days": 14,
            "skip_destroy": false,
            "tags": {},
            "tags_all": {}
          },
          "sensitive_attributes": [],
          "private": "bnVsbA==",
          "dependencies": [
            "aws_iam_role.broker_lambda_role",
            "aws_lambda_function.broker_lambda",
            "aws_sns_topic.goal_achievement",
            "aws_sns_topic.payment_attempt",
            "data.archive_file.broker_lambda_zip_file"
          ]
        }
      ]
    },
    {
      "mode": "managed",
      "type": "aws_cloudwatch_log_group",
      "name": "email_lambda_loggroup",
      "provider": "provider[\"registry.terraform.io/hashicorp/aws\"]",
      "instances": [
        {
          "schema_version": 0,
          "attributes": {
            "arn": "arn:aws:logs:ap-northeast-2:156557625960:log-group:/aws/lambda/sendEmail2",
            "id": "/aws/lambda/sendEmail2",
            "kms_key_id": "",
            "name": "/aws/lambda/sendEmail2",
            "name_prefix": "",
            "retention_in_days": 14,
            "skip_destroy": false,
            "tags": {},
            "tags_all": {}
          },
          "sensitive_attributes": [],
          "private": "bnVsbA==",
          "dependencies": [
            "aws_iam_role.email_lambda_role",
            "aws_lambda_function.email_lambda",
            "data.archive_file.email_lambda_zip_file",
            "data.aws_region.current3"
          ]
        }
      ]
    },
    {
      "mode": "managed",
      "type": "aws_cloudwatch_log_group",
      "name": "fundingUpdate_lambda_loggroup",
      "provider": "provider[\"registry.terraform.io/hashicorp/aws\"]",
      "instances": [
        {
          "schema_version": 0,
          "attributes": {
            "arn": "arn:aws:logs:ap-northeast-2:156557625960:log-group:/aws/lambda/fundingUpdate2",
            "id": "/aws/lambda/fundingUpdate2",
            "kms_key_id": "",
            "name": "/aws/lambda/fundingUpdate2",
            "name_prefix": "",
            "retention_in_days": 14,
            "skip_destroy": false,
            "tags": {},
            "tags_all": {}
          },
          "sensitive_attributes": [],
          "private": "bnVsbA==",
          "dependencies": [
            "aws_iam_role.fundingUpdate_lambda_role",
            "aws_lambda_function.fundingUpdate_lambda",
            "data.archive_file.fundingupdate_lambda_zip_file"
          ]
        }
      ]
    },
    {
      "mode": "managed",
      "type": "aws_cloudwatch_log_group",
      "name": "pg_lambda_loggroup",
      "provider": "provider[\"registry.terraform.io/hashicorp/aws\"]",
      "instances": [
        {
          "schema_version": 0,
          "attributes": {
            "arn": "arn:aws:logs:ap-northeast-2:156557625960:log-group:/aws/lambda/pg2",
            "id": "/aws/lambda/pg2",
            "kms_key_id": "",
            "name": "/aws/lambda/pg2",
            "name_prefix": "",
            "retention_in_days": 14,
            "skip_destroy": false,
            "tags": {},
            "tags_all": {}
          },
          "sensitive_attributes": [],
          "private": "bnVsbA==",
          "dependencies": [
            "aws_dynamodb_table.paymentTransactions",
            "aws_iam_role.pg_lambda_role",
            "aws_lambda_function.pg_lambda",
            "aws_sns_topic.after_approval",
            "aws_sns_topic.payment_result_mailing",
            "aws_sqs_queue.etc_error_dlq",
            "aws_sqs_queue.payment_attempt_dlq",
            "data.archive_file.pg_lambda_zip_file"
          ]
        }
      ]
    },
    {
      "mode": "managed",
      "type": "aws_cloudwatch_log_group",
      "name": "transaction_lambda_loggroup",
      "provider": "provider[\"registry.terraform.io/hashicorp/aws\"]",
      "instances": [
        {
          "schema_version": 0,
          "attributes": {
            "arn": "arn:aws:logs:ap-northeast-2:156557625960:log-group:/aws/lambda/transaction2",
            "id": "/aws/lambda/transaction2",
            "kms_key_id": "",
            "name": "/aws/lambda/transaction2",
            "name_prefix": "",
            "retention_in_days": 14,
            "skip_destroy": false,
            "tags": {},
            "tags_all": {}
          },
          "sensitive_attributes": [],
          "private": "bnVsbA==",
          "dependencies": [
            "aws_iam_role.transaction_lambda_role",
            "aws_lambda_function.transaction_lambda",
            "aws_sns_topic.payment_attempt",
            "data.archive_file.transaction_lambda_zip_file"
          ]
        }
      ]
    },
    {
      "mode": "managed",
      "type": "aws_dynamodb_table",
      "name": "paymentTransactions",
      "provider": "provider[\"registry.terraform.io/hashicorp/aws\"]",
      "instances": [
        {
          "schema_version": 1,
          "attributes": {
            "arn": "arn:aws:dynamodb:ap-northeast-2:156557625960:table/paymentTransactions2",
            "attribute": [
              {
                "name": "id",
                "type": "S"
              }
            ],
            "billing_mode": "PAY_PER_REQUEST",
            "deletion_protection_enabled": false,
            "global_secondary_index": [],
            "hash_key": "id",
            "id": "paymentTransactions2",
            "local_secondary_index": [],
            "name": "paymentTransactions2",
            "point_in_time_recovery": [
              {
                "enabled": false
              }
            ],
            "range_key": null,
            "read_capacity": 0,
            "replica": [],
            "restore_date_time": null,
            "restore_source_name": null,
            "restore_to_latest_time": null,
            "server_side_encryption": [],
            "stream_arn": "",
            "stream_enabled": false,
            "stream_label": "",
            "stream_view_type": "",
            "table_class": "STANDARD",
            "tags": {},
            "tags_all": {},
            "timeouts": null,
            "ttl": [
              {
                "attribute_name": "",
                "enabled": false
              }
            ],
            "write_capacity": 0
          },
          "sensitive_attributes": [],
          "private": "eyJlMmJmYjczMC1lY2FhLTExZTYtOGY4OC0zNDM2M2JjN2M0YzAiOnsiY3JlYXRlIjoxODAwMDAwMDAwMDAwLCJkZWxldGUiOjYwMDAwMDAwMDAwMCwidXBkYXRlIjozNjAwMDAwMDAwMDAwfSwic2NoZW1hX3ZlcnNpb24iOiIxIn0="
        }
      ]
    },
    {
      "mode": "managed",
      "type": "aws_iam_policy",
      "name": "DLQHandler_lambda_policy",
      "provider": "provider[\"registry.terraform.io/hashicorp/aws\"]",
      "instances": [
        {
          "schema_version": 0,
          "attributes": {
            "arn": "arn:aws:iam::156557625960:policy/DLQHandler_lambda_policy",
            "description": "Policy for sqs to lambda demo",
            "id": "arn:aws:iam::156557625960:policy/DLQHandler_lambda_policy",
            "name": "DLQHandler_lambda_policy",
            "name_prefix": "",
            "path": "/",
            "policy": "{\"Statement\":[{\"Action\":[\"sqs:ReceiveMessage\",\"sqs:DeleteMessage\",\"sqs:GetQueueAttributes\"],\"Effect\":\"Allow\",\"Resource\":\"arn:aws:sqs:ap-northeast-2:156557625960:etc_error_dlq\"},{\"Action\":[\"sqs:ReceiveMessage\",\"sqs:DeleteMessage\",\"sqs:GetQueueAttributes\"],\"Effect\":\"Allow\",\"Resource\":\"arn:aws:sqs:ap-northeast-2:156557625960:payment_result_mailing_dlq\"},{\"Action\":[\"sqs:ReceiveMessage\",\"sqs:DeleteMessage\",\"sqs:GetQueueAttributes\"],\"Effect\":\"Allow\",\"Resource\":\"arn:aws:sqs:ap-northeast-2:156557625960:payment_attempt_dlq\"},{\"Action\":[\"logs:CreateLogStream\",\"logs:PutLogEvents\"],\"Effect\":\"Allow\",\"Resource\":\"arn:aws:logs:ap-northeast-2:156557625960:log-group:/aws/lambda/DLQHandler:*:*\"}],\"Version\":\"2012-10-17\"}",
            "policy_id": "ANPASI44PZJUGUZMCPNY3",
            "tags": {},
            "tags_all": {}
          },
          "sensitive_attributes": [],
          "private": "bnVsbA==",
          "dependencies": [
            "aws_iam_role.DLQHandler_lambda_role",
            "aws_lambda_function.DLQHandler_lambda",
            "aws_sqs_queue.etc_error_dlq",
            "aws_sqs_queue.payment_attempt_dlq",
            "aws_sqs_queue.payment_result_mailing_dlq",
            "aws_sqs_queue.payment_result_mailing_queue",
            "data.archive_file.DLQHandler_lambda_zip_file",
            "data.aws_caller_identity.current5",
            "data.aws_region.current5"
          ]
        }
      ]
    },
    {
      "mode": "managed",
      "type": "aws_iam_policy",
      "name": "broker_lambda_policy",
      "provider": "provider[\"registry.terraform.io/hashicorp/aws\"]",
      "instances": [
        {
          "schema_version": 0,
          "attributes": {
            "arn": "arn:aws:iam::156557625960:policy/broker_lambda_policy",
            "description": "Policy for sqs to lambda demo",
            "id": "arn:aws:iam::156557625960:policy/broker_lambda_policy",
            "name": "broker_lambda_policy",
            "name_prefix": "",
            "path": "/",
            "policy": "{\"Statement\":[{\"Action\":[\"sqs:ReceiveMessage\",\"sqs:sendmessage\",\"sqs:DeleteMessage\",\"sqs:GetQueueAttributes\"],\"Effect\":\"Allow\",\"Resource\":[\"arn:aws:sqs:ap-northeast-2:156557625960:payment_attempt_queue\",\"arn:aws:sqs:ap-northeast-2:156557625960:etc_error_dlq\",\"arn:aws:sqs:ap-northeast-2:156557625960:payment_attempt_dlq\",\"arn:aws:sqs:ap-northeast-2:156557625960:goal_achievement_queue\",\"arn:aws:sqs:ap-northeast-2:156557625960:goal_achievement_dlq\"]},{\"Action\":[\"logs:CreateLogStream\",\"logs:PutLogEvents\"],\"Effect\":\"Allow\",\"Resource\":\"arn:aws:logs:ap-northeast-2:156557625960:log-group:/aws/lambda/broker2:*:*\"},{\"Action\":[\"dynamodb:Scan\",\"dynamodb:PutItem\"],\"Effect\":\"Allow\",\"Resource\":\"arn:aws:dynamodb:ap-northeast-2:156557625960:table/paymentTransactions2\"}],\"Version\":\"2012-10-17\"}",
            "policy_id": "ANPASI44PZJUDW3QHYXU2",
            "tags": {},
            "tags_all": {}
          },
          "sensitive_attributes": [],
          "private": "bnVsbA==",
          "dependencies": [
            "aws_dynamodb_table.paymentTransactions",
            "aws_iam_role.broker_lambda_role",
            "aws_lambda_function.broker_lambda",
            "aws_sns_topic.goal_achievement",
            "aws_sns_topic.payment_attempt",
            "aws_sqs_queue.etc_error_dlq",
            "aws_sqs_queue.goal_achievement_dlq",
            "aws_sqs_queue.goal_achievement_queue",
            "aws_sqs_queue.payment_attempt_dlq",
            "aws_sqs_queue.payment_attempt_queue",
            "data.archive_file.broker_lambda_zip_file",
            "data.aws_caller_identity.current7",
            "data.aws_region.current7"
          ]
        }
      ]
    },
    {
      "mode": "managed",
      "type": "aws_iam_policy",
      "name": "email_lambda_policy",
      "provider": "provider[\"registry.terraform.io/hashicorp/aws\"]",
      "instances": [
        {
          "schema_version": 0,
          "attributes": {
            "arn": "arn:aws:iam::156557625960:policy/email_lambda_policy",
            "description": "Policy for sqs to lambda demo",
            "id": "arn:aws:iam::156557625960:policy/email_lambda_policy",
            "name": "email_lambda_policy",
            "name_prefix": "",
            "path": "/",
            "policy": "{\"Statement\":[{\"Action\":[\"sqs:ReceiveMessage\",\"sqs:DeleteMessage\",\"sqs:GetQueueAttributes\"],\"Effect\":\"Allow\",\"Resource\":\"arn:aws:sqs:ap-northeast-2:156557625960:payment_result_mailing_queue\"},{\"Action\":[\"logs:CreateLogStream\",\"logs:PutLogEvents\"],\"Effect\":\"Allow\",\"Resource\":\"arn:aws:logs:ap-northeast-2:156557625960:log-group:/aws/lambda/sendEmail2:*:*\"}],\"Version\":\"2012-10-17\"}",
            "policy_id": "ANPASI44PZJUAWHE7C4TS",
            "tags": {},
            "tags_all": {}
          },
          "sensitive_attributes": [],
          "private": "bnVsbA==",
          "dependencies": [
            "aws_iam_role.email_lambda_role",
            "aws_lambda_function.email_lambda",
            "aws_sqs_queue.payment_result_mailing_dlq",
            "aws_sqs_queue.payment_result_mailing_queue",
            "data.archive_file.email_lambda_zip_file",
            "data.aws_caller_identity.current3",
            "data.aws_region.current3"
          ]
        }
      ]
    },
    {
      "mode": "managed",
      "type": "aws_iam_policy",
      "name": "email_lambda_ses_policy",
      "provider": "provider[\"registry.terraform.io/hashicorp/aws\"]",
      "instances": [
        {
          "schema_version": 0,
          "attributes": {
            "arn": "arn:aws:iam::156557625960:policy/email_lambda_ses_policy",
            "description": "Policy for sending email using SES",
            "id": "arn:aws:iam::156557625960:policy/email_lambda_ses_policy",
            "name": "email_lambda_ses_policy",
            "name_prefix": "",
            "path": "/",
            "policy": "{\"Statement\":[{\"Action\":\"ses:SendEmail\",\"Effect\":\"Allow\",\"Resource\":\"*\"}],\"Version\":\"2012-10-17\"}",
            "policy_id": "ANPASI44PZJULMO323RTB",
            "tags": {},
            "tags_all": {}
          },
          "sensitive_attributes": [],
          "private": "bnVsbA=="
        }
      ]
    },
    {
      "mode": "managed",
      "type": "aws_iam_policy",
      "name": "fundingUpdate_lambda_policy",
      "provider": "provider[\"registry.terraform.io/hashicorp/aws\"]",
      "instances": [
        {
          "schema_version": 0,
          "attributes": {
            "arn": "arn:aws:iam::156557625960:policy/fundingUpdate_lambda_policy",
            "description": "Policy for sqs to lambda demo",
            "id": "arn:aws:iam::156557625960:policy/fundingUpdate_lambda_policy",
            "name": "fundingUpdate_lambda_policy",
            "name_prefix": "",
            "path": "/",
            "policy": "{\"Statement\":[{\"Action\":[\"sqs:ReceiveMessage\",\"sqs:DeleteMessage\",\"sqs:GetQueueAttributes\"],\"Effect\":\"Allow\",\"Resource\":\"arn:aws:sqs:ap-northeast-2:156557625960:after_approval_queue\"},{\"Action\":[\"logs:CreateLogStream\",\"logs:PutLogEvents\"],\"Effect\":\"Allow\",\"Resource\":\"arn:aws:logs:ap-northeast-2:156557625960:log-group:/aws/lambda/fundingUpdate2:*:*\"}],\"Version\":\"2012-10-17\"}",
            "policy_id": "ANPASI44PZJUKEW5YEOPS",
            "tags": {},
            "tags_all": {}
          },
          "sensitive_attributes": [],
          "private": "bnVsbA==",
          "dependencies": [
            "aws_iam_role.fundingUpdate_lambda_role",
            "aws_lambda_function.fundingUpdate_lambda",
            "aws_sqs_queue.after_approval_dlq",
            "aws_sqs_queue.after_approval_queue",
            "data.archive_file.fundingupdate_lambda_zip_file",
            "data.aws_caller_identity.current4",
            "data.aws_region.current4"
          ]
        }
      ]
    },
    {
      "mode": "managed",
      "type": "aws_iam_policy",
      "name": "pg_lambda_policy",
      "provider": "provider[\"registry.terraform.io/hashicorp/aws\"]",
      "instances": [
        {
          "schema_version": 0,
          "attributes": {
            "arn": "arn:aws:iam::156557625960:policy/pg_lambda_policy",
            "description": "Policy for sqs to lambda demo",
            "id": "arn:aws:iam::156557625960:policy/pg_lambda_policy",
            "name": "pg_lambda_policy",
            "name_prefix": "",
            "path": "/",
            "policy": "{\"Statement\":[{\"Action\":[\"sqs:ReceiveMessage\",\"sqs:sendmessage\",\"sqs:DeleteMessage\",\"sqs:GetQueueAttributes\"],\"Effect\":\"Allow\",\"Resource\":[\"arn:aws:sqs:ap-northeast-2:156557625960:payment_attempt_queue\",\"arn:aws:sqs:ap-northeast-2:156557625960:etc_error_dlq\",\"arn:aws:sqs:ap-northeast-2:156557625960:payment_attempt_dlq\"]},{\"Action\":[\"logs:CreateLogStream\",\"logs:PutLogEvents\"],\"Effect\":\"Allow\",\"Resource\":\"arn:aws:logs:ap-northeast-2:156557625960:log-group:/aws/lambda/pg2:*:*\"},{\"Action\":[\"dynamodb:Scan\",\"dynamodb:PutItem\"],\"Effect\":\"Allow\",\"Resource\":\"arn:aws:dynamodb:ap-northeast-2:156557625960:table/paymentTransactions2\"}],\"Version\":\"2012-10-17\"}",
            "policy_id": "ANPASI44PZJUFV2YB7HAQ",
            "tags": {},
            "tags_all": {}
          },
          "sensitive_attributes": [],
          "private": "bnVsbA==",
          "dependencies": [
            "aws_dynamodb_table.paymentTransactions",
            "aws_lambda_function.pg_lambda",
            "aws_sqs_queue.etc_error_dlq",
            "aws_sqs_queue.payment_attempt_dlq",
            "aws_sqs_queue.payment_attempt_queue",
            "data.aws_caller_identity.current1",
            "data.aws_region.current1"
          ]
        }
      ]
    },
    {
      "mode": "managed",
      "type": "aws_iam_policy",
      "name": "transaction_lambda_policy",
      "provider": "provider[\"registry.terraform.io/hashicorp/aws\"]",
      "instances": [
        {
          "schema_version": 0,
          "attributes": {
            "arn": "arn:aws:iam::156557625960:policy/transaction_lambda_policy",
            "description": "Policy for sqs to lambda demo",
            "id": "arn:aws:iam::156557625960:policy/transaction_lambda_policy",
            "name": "transaction_lambda_policy",
            "name_prefix": "",
            "path": "/",
            "policy": "{\"Statement\":[{\"Action\":[\"sqs:ReceiveMessage\",\"sqs:sendmessage\",\"sqs:DeleteMessage\",\"sqs:GetQueueAttributes\"],\"Effect\":\"Allow\",\"Resource\":[\"arn:aws:sqs:ap-northeast-2:156557625960:payment_attempt_queue\",\"arn:aws:sqs:ap-northeast-2:156557625960:etc_error_dlq\",\"arn:aws:sqs:ap-northeast-2:156557625960:payment_attempt_dlq\",\"arn:aws:sqs:ap-northeast-2:156557625960:goal_achievement_queue\",\"arn:aws:sqs:ap-northeast-2:156557625960:goal_achievement_dlq\"]},{\"Action\":[\"logs:CreateLogStream\",\"logs:PutLogEvents\"],\"Effect\":\"Allow\",\"Resource\":\"arn:aws:logs:ap-northeast-2:156557625960:log-group:/aws/lambda/transaction2:*:*\"},{\"Action\":[\"dynamodb:Scan\",\"dynamodb:PutItem\"],\"Effect\":\"Allow\",\"Resource\":\"arn:aws:dynamodb:ap-northeast-2:156557625960:table/paymentTransactions2\"}],\"Version\":\"2012-10-17\"}",
            "policy_id": "ANPASI44PZJUEFALPO4WC",
            "tags": {},
            "tags_all": {}
          },
          "sensitive_attributes": [],
          "private": "bnVsbA==",
          "dependencies": [
            "aws_dynamodb_table.paymentTransactions",
            "aws_iam_role.transaction_lambda_role",
            "aws_lambda_function.transaction_lambda",
            "aws_sns_topic.payment_attempt",
            "aws_sqs_queue.etc_error_dlq",
            "aws_sqs_queue.goal_achievement_dlq",
            "aws_sqs_queue.goal_achievement_queue",
            "aws_sqs_queue.payment_attempt_dlq",
            "aws_sqs_queue.payment_attempt_queue",
            "data.archive_file.transaction_lambda_zip_file",
            "data.aws_caller_identity.current8",
            "data.aws_region.current8"
          ]
        }
      ]
    },
    {
      "mode": "managed",
      "type": "aws_iam_role",
      "name": "DLQHandler_lambda_role",
      "provider": "provider[\"registry.terraform.io/hashicorp/aws\"]",
      "instances": [
        {
          "schema_version": 0,
          "attributes": {
            "arn": "arn:aws:iam::156557625960:role/DLQHandler_lambda_role",
            "assume_role_policy": "{\"Statement\":[{\"Action\":\"sts:AssumeRole\",\"Effect\":\"Allow\",\"Principal\":{\"Service\":\"lambda.amazonaws.com\"},\"Sid\":\"\"}],\"Version\":\"2012-10-17\"}",
            "create_date": "2023-06-27T02:25:27Z",
            "description": "",
            "force_detach_policies": false,
            "id": "DLQHandler_lambda_role",
            "inline_policy": [],
            "managed_policy_arns": [
              "arn:aws:iam::156557625960:policy/DLQHandler_lambda_policy"
            ],
            "max_session_duration": 3600,
            "name": "DLQHandler_lambda_role",
            "name_prefix": "",
            "path": "/",
            "permissions_boundary": null,
            "role_last_used": [
              {
                "last_used_date": "2023-06-27T05:37:22Z",
                "region": "ap-northeast-2"
              }
            ],
            "tags": {},
            "tags_all": {},
            "unique_id": "AROASI44PZJUPY6X7GJCU"
          },
          "sensitive_attributes": [],
          "private": "bnVsbA=="
        }
      ]
    },
    {
      "mode": "managed",
      "type": "aws_iam_role",
      "name": "broker_lambda_role",
      "provider": "provider[\"registry.terraform.io/hashicorp/aws\"]",
      "instances": [
        {
          "schema_version": 0,
          "attributes": {
            "arn": "arn:aws:iam::156557625960:role/broker_lambda_role",
            "assume_role_policy": "{\"Statement\":[{\"Action\":\"sts:AssumeRole\",\"Effect\":\"Allow\",\"Principal\":{\"Service\":\"lambda.amazonaws.com\"},\"Sid\":\"\"}],\"Version\":\"2012-10-17\"}",
            "create_date": "2023-06-27T02:25:28Z",
            "description": "",
            "force_detach_policies": false,
            "id": "broker_lambda_role",
            "inline_policy": [
              {
                "name": "broker_lambda_policy_update",
                "policy": "{\"Version\":\"2012-10-17\",\"Statement\":[{\"Action\":\"sns:Publish\",\"Effect\":\"Allow\",\"Resource\":[\"arn:aws:sns:ap-northeast-2:156557625960:payment_attempt\",\"arn:aws:sns:ap-northeast-2:156557625960:goal_achievement\"],\"Sid\":\"\"}]}"
              }
            ],
            "managed_policy_arns": [
              "arn:aws:iam::156557625960:policy/broker_lambda_policy"
            ],
            "max_session_duration": 3600,
            "name": "broker_lambda_role",
            "name_prefix": "",
            "path": "/",
            "permissions_boundary": null,
            "role_last_used": [
              {
                "last_used_date": "2023-06-27T05:35:32Z",
                "region": "ap-northeast-2"
              }
            ],
            "tags": {},
            "tags_all": {},
            "unique_id": "AROASI44PZJUACARIWSBP"
          },
          "sensitive_attributes": [],
          "private": "bnVsbA=="
        }
      ]
    },
    {
      "mode": "managed",
      "type": "aws_iam_role",
      "name": "email_lambda_role",
      "provider": "provider[\"registry.terraform.io/hashicorp/aws\"]",
      "instances": [
        {
          "schema_version": 0,
          "attributes": {
            "arn": "arn:aws:iam::156557625960:role/email_lambda_role",
            "assume_role_policy": "{\"Statement\":[{\"Action\":\"sts:AssumeRole\",\"Effect\":\"Allow\",\"Principal\":{\"Service\":\"lambda.amazonaws.com\"},\"Sid\":\"\"}],\"Version\":\"2012-10-17\"}",
            "create_date": "2023-06-27T02:25:27Z",
            "description": "",
            "force_detach_policies": false,
            "id": "email_lambda_role",
            "inline_policy": [],
            "managed_policy_arns": [
              "arn:aws:iam::156557625960:policy/email_lambda_policy",
              "arn:aws:iam::156557625960:policy/email_lambda_ses_policy"
            ],
            "max_session_duration": 3600,
            "name": "email_lambda_role",
            "name_prefix": "",
            "path": "/",
            "permissions_boundary": null,
            "role_last_used": [
              {
                "last_used_date": "2023-06-27T05:37:09Z",
                "region": "ap-northeast-2"
              }
            ],
            "tags": {},
            "tags_all": {},
            "unique_id": "AROASI44PZJUFTBZDZGID"
          },
          "sensitive_attributes": [],
          "private": "bnVsbA=="
        }
      ]
    },
    {
      "mode": "managed",
      "type": "aws_iam_role",
      "name": "fundingUpdate_lambda_role",
      "provider": "provider[\"registry.terraform.io/hashicorp/aws\"]",
      "instances": [
        {
          "schema_version": 0,
          "attributes": {
            "arn": "arn:aws:iam::156557625960:role/fundingUpdate_lambda_role",
            "assume_role_policy": "{\"Statement\":[{\"Action\":\"sts:AssumeRole\",\"Effect\":\"Allow\",\"Principal\":{\"Service\":\"lambda.amazonaws.com\"},\"Sid\":\"\"}],\"Version\":\"2012-10-17\"}",
            "create_date": "2023-06-27T02:25:28Z",
            "description": "",
            "force_detach_policies": false,
            "id": "fundingUpdate_lambda_role",
            "inline_policy": [],
            "managed_policy_arns": [
              "arn:aws:iam::156557625960:policy/fundingUpdate_lambda_policy"
            ],
            "max_session_duration": 3600,
            "name": "fundingUpdate_lambda_role",
            "name_prefix": "",
            "path": "/",
            "permissions_boundary": null,
            "role_last_used": [
              {
                "last_used_date": "2023-06-27T05:37:37Z",
                "region": "ap-northeast-2"
              }
            ],
            "tags": {},
            "tags_all": {},
            "unique_id": "AROASI44PZJUACXDU25I4"
          },
          "sensitive_attributes": [],
          "private": "bnVsbA=="
        }
      ]
    },
    {
      "mode": "managed",
      "type": "aws_iam_role",
      "name": "pg_lambda_role",
      "provider": "provider[\"registry.terraform.io/hashicorp/aws\"]",
      "instances": [
        {
          "schema_version": 0,
          "attributes": {
            "arn": "arn:aws:iam::156557625960:role/pg_lambda_role",
            "assume_role_policy": "{\"Statement\":[{\"Action\":\"sts:AssumeRole\",\"Effect\":\"Allow\",\"Principal\":{\"Service\":\"lambda.amazonaws.com\"},\"Sid\":\"\"}],\"Version\":\"2012-10-17\"}",
            "create_date": "2023-06-27T02:25:27Z",
            "description": "",
            "force_detach_policies": false,
            "id": "pg_lambda_role",
            "inline_policy": [
              {
                "name": "pg_lambda_policy_update",
                "policy": "{\"Version\":\"2012-10-17\",\"Statement\":[{\"Action\":\"sns:Publish\",\"Effect\":\"Allow\",\"Resource\":[\"arn:aws:sns:ap-northeast-2:156557625960:payment_result_mailing\",\"arn:aws:sns:ap-northeast-2:156557625960:after_approval\"],\"Sid\":\"\"}]}"
              }
            ],
            "managed_policy_arns": [
              "arn:aws:iam::156557625960:policy/pg_lambda_policy"
            ],
            "max_session_duration": 3600,
            "name": "pg_lambda_role",
            "name_prefix": "",
            "path": "/",
            "permissions_boundary": null,
            "role_last_used": [
              {
                "last_used_date": "2023-06-27T05:32:40Z",
                "region": "ap-northeast-2"
              }
            ],
            "tags": {},
            "tags_all": {},
            "unique_id": "AROASI44PZJUE7TDFDL2O"
          },
          "sensitive_attributes": [],
          "private": "bnVsbA=="
        }
      ]
    },
    {
      "mode": "managed",
      "type": "aws_iam_role",
      "name": "transaction_lambda_role",
      "provider": "provider[\"registry.terraform.io/hashicorp/aws\"]",
      "instances": [
        {
          "schema_version": 0,
          "attributes": {
            "arn": "arn:aws:iam::156557625960:role/transaction_lambda_role",
            "assume_role_policy": "{\"Statement\":[{\"Action\":\"sts:AssumeRole\",\"Effect\":\"Allow\",\"Principal\":{\"Service\":\"lambda.amazonaws.com\"},\"Sid\":\"\"}],\"Version\":\"2012-10-17\"}",
            "create_date": "2023-06-27T02:25:28Z",
            "description": "",
            "force_detach_policies": false,
            "id": "transaction_lambda_role",
            "inline_policy": [
              {
                "name": "transaction_lambda_policy_update",
                "policy": "{\"Version\":\"2012-10-17\",\"Statement\":[{\"Action\":\"sns:Publish\",\"Effect\":\"Allow\",\"Resource\":[\"arn:aws:sns:ap-northeast-2:156557625960:payment_attempt\",\"arn:aws:sns:ap-northeast-2:156557625960:goal_achievement\",\"arn:aws:sns:ap-northeast-2:156557625960:after_approval\"],\"Sid\":\"\"}]}"
              }
            ],
            "managed_policy_arns": [
              "arn:aws:iam::156557625960:policy/transaction_lambda_policy"
            ],
            "max_session_duration": 3600,
            "name": "transaction_lambda_role",
            "name_prefix": "",
            "path": "/",
            "permissions_boundary": null,
            "role_last_used": [
              {
                "last_used_date": "2023-06-27T05:37:36Z",
                "region": "ap-northeast-2"
              }
            ],
            "tags": {},
            "tags_all": {},
            "unique_id": "AROASI44PZJUNDKANDTNO"
          },
          "sensitive_attributes": [],
          "private": "bnVsbA=="
        }
      ]
    },
    {
      "mode": "managed",
      "type": "aws_iam_role_policy",
      "name": "broker_lambda_policy_update",
      "provider": "provider[\"registry.terraform.io/hashicorp/aws\"]",
      "instances": [
        {
          "schema_version": 0,
          "attributes": {
            "id": "broker_lambda_role:broker_lambda_policy_update",
            "name": "broker_lambda_policy_update",
            "name_prefix": null,
            "policy": "{\"Version\":\"2012-10-17\",\"Statement\":[{\"Action\":\"sns:Publish\",\"Effect\":\"Allow\",\"Resource\":[\"arn:aws:sns:ap-northeast-2:156557625960:payment_attempt\",\"arn:aws:sns:ap-northeast-2:156557625960:goal_achievement\"],\"Sid\":\"\"}]}",
            "role": "broker_lambda_role"
          },
          "sensitive_attributes": [],
          "private": "bnVsbA==",
          "dependencies": [
            "aws_iam_role.broker_lambda_role",
            "aws_sns_topic.goal_achievement",
            "aws_sns_topic.payment_attempt",
            "data.aws_iam_policy_document.broker_lambda_policy_document"
          ]
        }
      ]
    },
    {
      "mode": "managed",
      "type": "aws_iam_role_policy",
      "name": "pg_lambda_policy_update",
      "provider": "provider[\"registry.terraform.io/hashicorp/aws\"]",
      "instances": [
        {
          "schema_version": 0,
          "attributes": {
            "id": "pg_lambda_role:pg_lambda_policy_update",
            "name": "pg_lambda_policy_update",
            "name_prefix": null,
            "policy": "{\"Version\":\"2012-10-17\",\"Statement\":[{\"Action\":\"sns:Publish\",\"Effect\":\"Allow\",\"Resource\":[\"arn:aws:sns:ap-northeast-2:156557625960:payment_result_mailing\",\"arn:aws:sns:ap-northeast-2:156557625960:after_approval\"],\"Sid\":\"\"}]}",
            "role": "pg_lambda_role"
          },
          "sensitive_attributes": [],
          "private": "bnVsbA==",
          "dependencies": [
            "aws_iam_role.pg_lambda_role",
            "aws_sns_topic.after_approval",
            "aws_sns_topic.payment_result_mailing",
            "data.aws_iam_policy_document.pg_lambda_policy_document"
          ]
        }
      ]
    },
    {
      "mode": "managed",
      "type": "aws_iam_role_policy",
      "name": "transaction_lambda_policy_update",
      "provider": "provider[\"registry.terraform.io/hashicorp/aws\"]",
      "instances": [
        {
          "schema_version": 0,
          "attributes": {
            "id": "transaction_lambda_role:transaction_lambda_policy_update",
            "name": "transaction_lambda_policy_update",
            "name_prefix": null,
            "policy": "{\"Version\":\"2012-10-17\",\"Statement\":[{\"Action\":\"sns:Publish\",\"Effect\":\"Allow\",\"Resource\":[\"arn:aws:sns:ap-northeast-2:156557625960:payment_attempt\",\"arn:aws:sns:ap-northeast-2:156557625960:goal_achievement\",\"arn:aws:sns:ap-northeast-2:156557625960:after_approval\"],\"Sid\":\"\"}]}",
            "role": "transaction_lambda_role"
          },
          "sensitive_attributes": [],
          "private": "bnVsbA==",
          "dependencies": [
            "aws_iam_role.transaction_lambda_role",
            "aws_sns_topic.after_approval",
            "aws_sns_topic.goal_achievement",
            "aws_sns_topic.payment_attempt",
            "data.aws_iam_policy_document.transaction_lambda_policy_document"
          ]
        }
      ]
    },
    {
      "mode": "managed",
      "type": "aws_iam_role_policy_attachment",
      "name": "DLQHandler_lambda_policy_attachment",
      "provider": "provider[\"registry.terraform.io/hashicorp/aws\"]",
      "instances": [
        {
          "schema_version": 0,
          "attributes": {
            "id": "DLQHandler_lambda_role-20230627022653355600000003",
            "policy_arn": "arn:aws:iam::156557625960:policy/DLQHandler_lambda_policy",
            "role": "DLQHandler_lambda_role"
          },
          "sensitive_attributes": [],
          "private": "bnVsbA==",
          "dependencies": [
            "aws_iam_policy.DLQHandler_lambda_policy",
            "aws_iam_role.DLQHandler_lambda_role",
            "aws_lambda_function.DLQHandler_lambda",
            "aws_sqs_queue.etc_error_dlq",
            "aws_sqs_queue.payment_attempt_dlq",
            "aws_sqs_queue.payment_result_mailing_dlq",
            "aws_sqs_queue.payment_result_mailing_queue",
            "data.archive_file.DLQHandler_lambda_zip_file",
            "data.aws_caller_identity.current5",
            "data.aws_region.current5"
          ]
        }
      ]
    },
    {
      "mode": "managed",
      "type": "aws_iam_role_policy_attachment",
      "name": "broker_lambda_policy_attachment",
      "provider": "provider[\"registry.terraform.io/hashicorp/aws\"]",
      "instances": [
        {
          "schema_version": 0,
          "attributes": {
            "id": "broker_lambda_role-20230627022717849600000007",
            "policy_arn": "arn:aws:iam::156557625960:policy/broker_lambda_policy",
            "role": "broker_lambda_role"
          },
          "sensitive_attributes": [],
          "private": "bnVsbA==",
          "dependencies": [
            "aws_dynamodb_table.paymentTransactions",
            "aws_iam_policy.broker_lambda_policy",
            "aws_iam_role.broker_lambda_role",
            "aws_lambda_function.broker_lambda",
            "aws_sns_topic.goal_achievement",
            "aws_sns_topic.payment_attempt",
            "aws_sqs_queue.etc_error_dlq",
            "aws_sqs_queue.goal_achievement_dlq",
            "aws_sqs_queue.goal_achievement_queue",
            "aws_sqs_queue.payment_attempt_dlq",
            "aws_sqs_queue.payment_attempt_queue",
            "data.archive_file.broker_lambda_zip_file",
            "data.aws_caller_identity.current7",
            "data.aws_region.current7"
          ]
        }
      ]
    },
    {
      "mode": "managed",
      "type": "aws_iam_role_policy_attachment",
      "name": "email_lambda_ses_policy_attachment",
      "provider": "provider[\"registry.terraform.io/hashicorp/aws\"]",
      "instances": [
        {
          "schema_version": 0,
          "attributes": {
            "id": "email_lambda_role-20230627022530426600000001",
            "policy_arn": "arn:aws:iam::156557625960:policy/email_lambda_ses_policy",
            "role": "email_lambda_role"
          },
          "sensitive_attributes": [],
          "private": "bnVsbA==",
          "dependencies": [
            "aws_iam_policy.email_lambda_ses_policy",
            "aws_iam_role.email_lambda_role"
          ]
        }
      ]
    },
    {
      "mode": "managed",
      "type": "aws_iam_role_policy_attachment",
      "name": "fundingUpdate_lambda_policy_attachment",
      "provider": "provider[\"registry.terraform.io/hashicorp/aws\"]",
      "instances": [
        {
          "schema_version": 0,
          "attributes": {
            "id": "fundingUpdate_lambda_role-20230627022716342800000004",
            "policy_arn": "arn:aws:iam::156557625960:policy/fundingUpdate_lambda_policy",
            "role": "fundingUpdate_lambda_role"
          },
          "sensitive_attributes": [],
          "private": "bnVsbA==",
          "dependencies": [
            "aws_iam_policy.fundingUpdate_lambda_policy",
            "aws_iam_role.fundingUpdate_lambda_role",
            "aws_lambda_function.fundingUpdate_lambda",
            "aws_sqs_queue.after_approval_dlq",
            "aws_sqs_queue.after_approval_queue",
            "data.archive_file.fundingupdate_lambda_zip_file",
            "data.aws_caller_identity.current4",
            "data.aws_region.current4"
          ]
        }
      ]
    },
    {
      "mode": "managed",
      "type": "aws_iam_role_policy_attachment",
      "name": "mail_lambda_policy_attachment",
      "provider": "provider[\"registry.terraform.io/hashicorp/aws\"]",
      "instances": [
        {
          "schema_version": 0,
          "attributes": {
            "id": "email_lambda_role-20230627022646166100000002",
            "policy_arn": "arn:aws:iam::156557625960:policy/email_lambda_policy",
            "role": "email_lambda_role"
          },
          "sensitive_attributes": [],
          "private": "bnVsbA==",
          "dependencies": [
            "aws_iam_policy.email_lambda_policy",
            "aws_iam_role.email_lambda_role",
            "aws_lambda_function.email_lambda",
            "aws_sqs_queue.payment_result_mailing_dlq",
            "aws_sqs_queue.payment_result_mailing_queue",
            "data.archive_file.email_lambda_zip_file",
            "data.aws_caller_identity.current3",
            "data.aws_region.current3"
          ]
        }
      ]
    },
    {
      "mode": "managed",
      "type": "aws_iam_role_policy_attachment",
      "name": "pg_lambda_policy_attachment",
      "provider": "provider[\"registry.terraform.io/hashicorp/aws\"]",
      "instances": [
        {
          "schema_version": 0,
          "attributes": {
            "id": "pg_lambda_role-20230627022716840800000005",
            "policy_arn": "arn:aws:iam::156557625960:policy/pg_lambda_policy",
            "role": "pg_lambda_role"
          },
          "sensitive_attributes": [],
          "private": "bnVsbA==",
          "dependencies": [
            "aws_dynamodb_table.paymentTransactions",
            "aws_iam_policy.pg_lambda_policy",
            "aws_iam_role.pg_lambda_role",
            "aws_lambda_function.pg_lambda",
            "aws_sns_topic.after_approval",
            "aws_sns_topic.payment_result_mailing",
            "aws_sqs_queue.etc_error_dlq",
            "aws_sqs_queue.payment_attempt_dlq",
            "aws_sqs_queue.payment_attempt_queue",
            "data.archive_file.pg_lambda_zip_file",
            "data.aws_caller_identity.current1",
            "data.aws_region.current1"
          ]
        }
      ]
    },
    {
      "mode": "managed",
      "type": "aws_iam_role_policy_attachment",
      "name": "transaction_lambda_policy_attachment",
      "provider": "provider[\"registry.terraform.io/hashicorp/aws\"]",
      "instances": [
        {
          "schema_version": 0,
          "attributes": {
            "id": "transaction_lambda_role-20230627022717336000000006",
            "policy_arn": "arn:aws:iam::156557625960:policy/transaction_lambda_policy",
            "role": "transaction_lambda_role"
          },
          "sensitive_attributes": [],
          "private": "bnVsbA==",
          "dependencies": [
            "aws_dynamodb_table.paymentTransactions",
            "aws_iam_policy.transaction_lambda_policy",
            "aws_iam_role.transaction_lambda_role",
            "aws_lambda_function.transaction_lambda",
            "aws_sns_topic.payment_attempt",
            "aws_sqs_queue.etc_error_dlq",
            "aws_sqs_queue.goal_achievement_dlq",
            "aws_sqs_queue.goal_achievement_queue",
            "aws_sqs_queue.payment_attempt_dlq",
            "aws_sqs_queue.payment_attempt_queue",
            "data.archive_file.transaction_lambda_zip_file",
            "data.aws_caller_identity.current8",
            "data.aws_region.current8"
          ]
        }
      ]
    },
    {
      "mode": "managed",
      "type": "aws_lambda_event_source_mapping",
      "name": "DLQHandler_sqs_lambda_source_mapping",
      "provider": "provider[\"registry.terraform.io/hashicorp/aws\"]",
      "instances": [
        {
          "schema_version": 0,
          "attributes": {
            "amazon_managed_kafka_event_source_config": [],
            "batch_size": 10,
            "bisect_batch_on_function_error": false,
            "destination_config": [],
            "document_db_event_source_config": [],
            "enabled": true,
            "event_source_arn": "arn:aws:sqs:ap-northeast-2:156557625960:etc_error_dlq",
            "filter_criteria": [],
            "function_arn": "arn:aws:lambda:ap-northeast-2:156557625960:function:DLQHandler",
            "function_name": "arn:aws:lambda:ap-northeast-2:156557625960:function:DLQHandler",
            "function_response_types": [],
            "id": "28ac1297-ad7f-45af-92df-6fbc707e1081",
            "last_modified": "2023-06-27T02:27:08Z",
            "last_processing_result": "",
            "maximum_batching_window_in_seconds": 0,
            "maximum_record_age_in_seconds": 0,
            "maximum_retry_attempts": 0,
            "parallelization_factor": 0,
            "queues": [],
            "scaling_config": [],
            "self_managed_event_source": [],
            "self_managed_kafka_event_source_config": [],
            "source_access_configuration": [],
            "starting_position": "",
            "starting_position_timestamp": "",
            "state": "Enabled",
            "state_transition_reason": "USER_INITIATED",
            "topics": [],
            "tumbling_window_in_seconds": 0,
            "uuid": "28ac1297-ad7f-45af-92df-6fbc707e1081"
          },
          "sensitive_attributes": [],
          "private": "bnVsbA==",
          "dependencies": [
            "aws_iam_role.DLQHandler_lambda_role",
            "aws_lambda_function.DLQHandler_lambda",
            "aws_sqs_queue.etc_error_dlq",
            "aws_sqs_queue.payment_attempt_dlq",
            "aws_sqs_queue.payment_result_mailing_dlq",
            "aws_sqs_queue.payment_result_mailing_queue",
            "data.archive_file.DLQHandler_lambda_zip_file"
          ]
        }
      ]
    },
    {
      "mode": "managed",
      "type": "aws_lambda_event_source_mapping",
      "name": "fundingUpdate_sqs_lambda_source_mapping",
      "provider": "provider[\"registry.terraform.io/hashicorp/aws\"]",
      "instances": [
        {
          "schema_version": 0,
          "attributes": {
            "amazon_managed_kafka_event_source_config": [],
            "batch_size": 10,
            "bisect_batch_on_function_error": false,
            "destination_config": [],
            "document_db_event_source_config": [],
            "enabled": true,
            "event_source_arn": "arn:aws:sqs:ap-northeast-2:156557625960:after_approval_queue",
            "filter_criteria": [],
            "function_arn": "arn:aws:lambda:ap-northeast-2:156557625960:function:fundingUpdate2",
            "function_name": "arn:aws:lambda:ap-northeast-2:156557625960:function:fundingUpdate2",
            "function_response_types": [],
            "id": "464eba61-ad7a-4094-ada5-7dcde35ff559",
            "last_modified": "2023-06-27T02:27:30Z",
            "last_processing_result": "",
            "maximum_batching_window_in_seconds": 0,
            "maximum_record_age_in_seconds": 0,
            "maximum_retry_attempts": 0,
            "parallelization_factor": 0,
            "queues": [],
            "scaling_config": [],
            "self_managed_event_source": [],
            "self_managed_kafka_event_source_config": [],
            "source_access_configuration": [],
            "starting_position": "",
            "starting_position_timestamp": "",
            "state": "Enabled",
            "state_transition_reason": "USER_INITIATED",
            "topics": [],
            "tumbling_window_in_seconds": 0,
            "uuid": "464eba61-ad7a-4094-ada5-7dcde35ff559"
          },
          "sensitive_attributes": [],
          "private": "bnVsbA==",
          "dependencies": [
            "aws_iam_role.fundingUpdate_lambda_role",
            "aws_lambda_function.fundingUpdate_lambda",
            "aws_sqs_queue.after_approval_dlq",
            "aws_sqs_queue.after_approval_queue",
            "data.archive_file.fundingupdate_lambda_zip_file"
          ]
        }
      ]
    },
    {
      "mode": "managed",
      "type": "aws_lambda_event_source_mapping",
      "name": "payment_attempt_dlq_lambda_source_mapping",
      "provider": "provider[\"registry.terraform.io/hashicorp/aws\"]",
      "instances": [
        {
          "schema_version": 0,
          "attributes": {
            "amazon_managed_kafka_event_source_config": [],
            "batch_size": 10,
            "bisect_batch_on_function_error": false,
            "destination_config": [],
            "document_db_event_source_config": [],
            "enabled": true,
            "event_source_arn": "arn:aws:sqs:ap-northeast-2:156557625960:payment_attempt_dlq",
            "filter_criteria": [],
            "function_arn": "arn:aws:lambda:ap-northeast-2:156557625960:function:DLQHandler",
            "function_name": "arn:aws:lambda:ap-northeast-2:156557625960:function:DLQHandler",
            "function_response_types": [],
            "id": "41d56061-b86a-4ed6-875a-8544c01b3676",
            "last_modified": "2023-06-27T02:27:08Z",
            "last_processing_result": "",
            "maximum_batching_window_in_seconds": 0,
            "maximum_record_age_in_seconds": 0,
            "maximum_retry_attempts": 0,
            "parallelization_factor": 0,
            "queues": [],
            "scaling_config": [],
            "self_managed_event_source": [],
            "self_managed_kafka_event_source_config": [],
            "source_access_configuration": [],
            "starting_position": "",
            "starting_position_timestamp": "",
            "state": "Enabled",
            "state_transition_reason": "USER_INITIATED",
            "topics": [],
            "tumbling_window_in_seconds": 0,
            "uuid": "41d56061-b86a-4ed6-875a-8544c01b3676"
          },
          "sensitive_attributes": [],
          "private": "bnVsbA==",
          "dependencies": [
            "aws_iam_role.DLQHandler_lambda_role",
            "aws_lambda_function.DLQHandler_lambda",
            "aws_sqs_queue.payment_attempt_dlq",
            "aws_sqs_queue.payment_result_mailing_dlq",
            "aws_sqs_queue.payment_result_mailing_queue",
            "data.archive_file.DLQHandler_lambda_zip_file"
          ]
        }
      ]
    },
    {
      "mode": "managed",
      "type": "aws_lambda_event_source_mapping",
      "name": "payment_result_mailing_dlq_lambda_source_mapping",
      "provider": "provider[\"registry.terraform.io/hashicorp/aws\"]",
      "instances": [
        {
          "schema_version": 0,
          "attributes": {
            "amazon_managed_kafka_event_source_config": [],
            "batch_size": 10,
            "bisect_batch_on_function_error": false,
            "destination_config": [],
            "document_db_event_source_config": [],
            "enabled": true,
            "event_source_arn": "arn:aws:sqs:ap-northeast-2:156557625960:payment_result_mailing_dlq",
            "filter_criteria": [],
            "function_arn": "arn:aws:lambda:ap-northeast-2:156557625960:function:DLQHandler",
            "function_name": "arn:aws:lambda:ap-northeast-2:156557625960:function:DLQHandler",
            "function_response_types": [],
            "id": "a673a0a5-b251-4cb7-888b-2371242fb4e5",
            "last_modified": "2023-06-27T02:27:08Z",
            "last_processing_result": "",
            "maximum_batching_window_in_seconds": 0,
            "maximum_record_age_in_seconds": 0,
            "maximum_retry_attempts": 0,
            "parallelization_factor": 0,
            "queues": [],
            "scaling_config": [],
            "self_managed_event_source": [],
            "self_managed_kafka_event_source_config": [],
            "source_access_configuration": [],
            "starting_position": "",
            "starting_position_timestamp": "",
            "state": "Enabled",
            "state_transition_reason": "USER_INITIATED",
            "topics": [],
            "tumbling_window_in_seconds": 0,
            "uuid": "a673a0a5-b251-4cb7-888b-2371242fb4e5"
          },
          "sensitive_attributes": [],
          "private": "bnVsbA==",
          "dependencies": [
            "aws_iam_role.DLQHandler_lambda_role",
            "aws_lambda_function.DLQHandler_lambda",
            "aws_sqs_queue.payment_attempt_dlq",
            "aws_sqs_queue.payment_result_mailing_dlq",
            "aws_sqs_queue.payment_result_mailing_queue",
            "data.archive_file.DLQHandler_lambda_zip_file"
          ]
        }
      ]
    },
    {
      "mode": "managed",
      "type": "aws_lambda_event_source_mapping",
      "name": "pg_sqs_lambda_source_mapping",
      "provider": "provider[\"registry.terraform.io/hashicorp/aws\"]",
      "instances": [
        {
          "schema_version": 0,
          "attributes": {
            "amazon_managed_kafka_event_source_config": [],
            "batch_size": 10,
            "bisect_batch_on_function_error": false,
            "destination_config": [],
            "document_db_event_source_config": [],
            "enabled": true,
            "event_source_arn": "arn:aws:sqs:ap-northeast-2:156557625960:payment_attempt_queue",
            "filter_criteria": [],
            "function_arn": "arn:aws:lambda:ap-northeast-2:156557625960:function:pg2",
            "function_name": "arn:aws:lambda:ap-northeast-2:156557625960:function:pg2",
            "function_response_types": [],
            "id": "47c368f3-2be5-4bd5-853d-525d4ff9df81",
            "last_modified": "2023-06-27T02:27:30Z",
            "last_processing_result": "",
            "maximum_batching_window_in_seconds": 0,
            "maximum_record_age_in_seconds": 0,
            "maximum_retry_attempts": 0,
            "parallelization_factor": 0,
            "queues": [],
            "scaling_config": [],
            "self_managed_event_source": [],
            "self_managed_kafka_event_source_config": [],
            "source_access_configuration": [],
            "starting_position": "",
            "starting_position_timestamp": "",
            "state": "Enabled",
            "state_transition_reason": "USER_INITIATED",
            "topics": [],
            "tumbling_window_in_seconds": 0,
            "uuid": "47c368f3-2be5-4bd5-853d-525d4ff9df81"
          },
          "sensitive_attributes": [],
          "private": "bnVsbA==",
          "dependencies": [
            "aws_dynamodb_table.paymentTransactions",
            "aws_iam_role.pg_lambda_role",
            "aws_lambda_function.pg_lambda",
            "aws_sns_topic.after_approval",
            "aws_sns_topic.payment_result_mailing",
            "aws_sqs_queue.etc_error_dlq",
            "aws_sqs_queue.payment_attempt_dlq",
            "aws_sqs_queue.payment_attempt_queue",
            "data.archive_file.pg_lambda_zip_file"
          ]
        }
      ]
    },
    {
      "mode": "managed",
      "type": "aws_lambda_event_source_mapping",
      "name": "sqs_mail_lambda_source_mapping",
      "provider": "provider[\"registry.terraform.io/hashicorp/aws\"]",
      "instances": [
        {
          "schema_version": 0,
          "attributes": {
            "amazon_managed_kafka_event_source_config": [],
            "batch_size": 10,
            "bisect_batch_on_function_error": false,
            "destination_config": [],
            "document_db_event_source_config": [],
            "enabled": true,
            "event_source_arn": "arn:aws:sqs:ap-northeast-2:156557625960:payment_result_mailing_queue",
            "filter_criteria": [],
            "function_arn": "arn:aws:lambda:ap-northeast-2:156557625960:function:sendEmail2",
            "function_name": "arn:aws:lambda:ap-northeast-2:156557625960:function:sendEmail2",
            "function_response_types": [],
            "id": "b21d2d06-eee0-42d1-862e-e3364dbe856d",
            "last_modified": "2023-06-27T02:27:00Z",
            "last_processing_result": "",
            "maximum_batching_window_in_seconds": 0,
            "maximum_record_age_in_seconds": 0,
            "maximum_retry_attempts": 0,
            "parallelization_factor": 0,
            "queues": [],
            "scaling_config": [],
            "self_managed_event_source": [],
            "self_managed_kafka_event_source_config": [],
            "source_access_configuration": [],
            "starting_position": "",
            "starting_position_timestamp": "",
            "state": "Enabled",
            "state_transition_reason": "USER_INITIATED",
            "topics": [],
            "tumbling_window_in_seconds": 0,
            "uuid": "b21d2d06-eee0-42d1-862e-e3364dbe856d"
          },
          "sensitive_attributes": [],
          "private": "bnVsbA==",
          "dependencies": [
            "aws_iam_role.email_lambda_role",
            "aws_lambda_function.email_lambda",
            "aws_sqs_queue.payment_result_mailing_dlq",
            "aws_sqs_queue.payment_result_mailing_queue",
            "data.archive_file.email_lambda_zip_file",
            "data.aws_region.current3"
          ]
        }
      ]
    },
    {
      "mode": "managed",
      "type": "aws_lambda_event_source_mapping",
      "name": "transaction_sqs_lambda_source_mapping",
      "provider": "provider[\"registry.terraform.io/hashicorp/aws\"]",
      "instances": [
        {
          "schema_version": 0,
          "attributes": {
            "amazon_managed_kafka_event_source_config": [],
            "batch_size": 10,
            "bisect_batch_on_function_error": false,
            "destination_config": [],
            "document_db_event_source_config": [],
            "enabled": true,
            "event_source_arn": "arn:aws:sqs:ap-northeast-2:156557625960:goal_achievement_queue",
            "filter_criteria": [],
            "function_arn": "arn:aws:lambda:ap-northeast-2:156557625960:function:transaction2",
            "function_name": "arn:aws:lambda:ap-northeast-2:156557625960:function:transaction2",
            "function_response_types": [],
            "id": "14166dd3-ddfd-42d4-97fc-1a277797b1cb",
            "last_modified": "2023-06-27T02:27:31Z",
            "last_processing_result": "",
            "maximum_batching_window_in_seconds": 0,
            "maximum_record_age_in_seconds": 0,
            "maximum_retry_attempts": 0,
            "parallelization_factor": 0,
            "queues": [],
            "scaling_config": [],
            "self_managed_event_source": [],
            "self_managed_kafka_event_source_config": [],
            "source_access_configuration": [],
            "starting_position": "",
            "starting_position_timestamp": "",
            "state": "Enabled",
            "state_transition_reason": "USER_INITIATED",
            "topics": [],
            "tumbling_window_in_seconds": 0,
            "uuid": "14166dd3-ddfd-42d4-97fc-1a277797b1cb"
          },
          "sensitive_attributes": [],
          "private": "bnVsbA==",
          "dependencies": [
            "aws_iam_role.transaction_lambda_role",
            "aws_lambda_function.transaction_lambda",
            "aws_sns_topic.payment_attempt",
            "aws_sqs_queue.goal_achievement_dlq",
            "aws_sqs_queue.goal_achievement_queue",
            "data.archive_file.transaction_lambda_zip_file"
          ]
        }
      ]
    },
    {
      "mode": "managed",
      "type": "aws_lambda_function",
      "name": "DLQHandler_lambda",
      "provider": "provider[\"registry.terraform.io/hashicorp/aws\"]",
      "instances": [
        {
          "schema_version": 0,
          "attributes": {
            "architectures": [
              "x86_64"
            ],
            "arn": "arn:aws:lambda:ap-northeast-2:156557625960:function:DLQHandler",
            "code_signing_config_arn": "",
            "dead_letter_config": [],
            "description": "",
            "environment": [
              {
                "variables": {
                  "DISCORD_WEB_HOOK_URL": "https://discord.com/api/webhooks/1121115147944083507/_vhVnWFlKlYjFy5gu2K07uR0GHv92qEy7qtBRvqXiJyM_3DS9O3GOPs5JtF5nj9JJEJj",
                  "PAYMENT_QUEUE_URL": "https://sqs.ap-northeast-2.amazonaws.com/156557625960/payment_attempt_dlq",
                  "SEND_EMAIL_QUEUE_URL": "https://sqs.ap-northeast-2.amazonaws.com/156557625960/payment_result_mailing_queue"
                }
              }
            ],
            "ephemeral_storage": [
              {
                "size": 512
              }
            ],
            "file_system_config": [],
            "filename": "./DLQHandler_lambda.zip",
            "function_name": "DLQHandler",
            "handler": "dlq-handler-lambda.handler",
            "id": "DLQHandler",
            "image_config": [],
            "image_uri": "",
            "invoke_arn": "arn:aws:apigateway:ap-northeast-2:lambda:path/2015-03-31/functions/arn:aws:lambda:ap-northeast-2:156557625960:function:DLQHandler/invocations",
            "kms_key_arn": "",
            "last_modified": "2023-06-27T02:34:56.000+0000",
            "layers": [],
            "memory_size": 128,
            "package_type": "Zip",
            "publish": false,
            "qualified_arn": "arn:aws:lambda:ap-northeast-2:156557625960:function:DLQHandler:$LATEST",
            "qualified_invoke_arn": "arn:aws:apigateway:ap-northeast-2:lambda:path/2015-03-31/functions/arn:aws:lambda:ap-northeast-2:156557625960:function:DLQHandler:$LATEST/invocations",
            "replace_security_groups_on_destroy": null,
            "replacement_security_group_ids": null,
            "reserved_concurrent_executions": -1,
            "role": "arn:aws:iam::156557625960:role/DLQHandler_lambda_role",
            "runtime": "nodejs14.x",
            "s3_bucket": null,
            "s3_key": null,
            "s3_object_version": null,
            "signing_job_arn": "",
            "signing_profile_version_arn": "",
            "skip_destroy": false,
            "snap_start": [],
            "source_code_hash": "hMOv4Lwfv7O55GENlejiUfABPPsO9OQFfnVayzl6Q6Y=",
            "source_code_size": 14120232,
            "tags": {},
            "tags_all": {},
            "timeout": 3,
            "timeouts": null,
            "tracing_config": [
              {
                "mode": "PassThrough"
              }
            ],
            "version": "$LATEST",
            "vpc_config": []
          },
          "sensitive_attributes": [],
          "private": "eyJlMmJmYjczMC1lY2FhLTExZTYtOGY4OC0zNDM2M2JjN2M0YzAiOnsiY3JlYXRlIjo2MDAwMDAwMDAwMDAsImRlbGV0ZSI6NjAwMDAwMDAwMDAwLCJ1cGRhdGUiOjYwMDAwMDAwMDAwMH19",
          "dependencies": [
            "aws_iam_role.DLQHandler_lambda_role",
            "aws_sqs_queue.payment_attempt_dlq",
            "aws_sqs_queue.payment_result_mailing_dlq",
            "aws_sqs_queue.payment_result_mailing_queue",
            "data.archive_file.DLQHandler_lambda_zip_file"
          ]
        }
      ]
    },
    {
      "mode": "managed",
      "type": "aws_lambda_function",
      "name": "broker_lambda",
      "provider": "provider[\"registry.terraform.io/hashicorp/aws\"]",
      "instances": [
        {
          "schema_version": 0,
          "attributes": {
            "architectures": [
              "x86_64"
            ],
            "arn": "arn:aws:lambda:ap-northeast-2:156557625960:function:broker2",
            "code_signing_config_arn": "",
            "dead_letter_config": [],
            "description": "",
            "environment": [
              {
                "variables": {
                  "GOAL_ACHIVEMENT_TOPIC_ARN": "arn:aws:sns:ap-northeast-2:156557625960:goal_achievement",
                  "PAYMENT_ATTEMPT_TOPIC_ARN": "arn:aws:sns:ap-northeast-2:156557625960:payment_attempt"
                }
              }
            ],
            "ephemeral_storage": [
              {
                "size": 512
              }
            ],
            "file_system_config": [],
            "filename": "./broker_lambda.zip",
            "function_name": "broker2",
            "handler": "broker-lambda.handler",
            "id": "broker2",
            "image_config": [],
            "image_uri": "",
            "invoke_arn": "arn:aws:apigateway:ap-northeast-2:lambda:path/2015-03-31/functions/arn:aws:lambda:ap-northeast-2:156557625960:function:broker2/invocations",
            "kms_key_arn": "",
            "last_modified": "2023-06-27T05:49:31.000+0000",
            "layers": [],
            "memory_size": 128,
            "package_type": "Zip",
            "publish": false,
            "qualified_arn": "arn:aws:lambda:ap-northeast-2:156557625960:function:broker2:$LATEST",
            "qualified_invoke_arn": "arn:aws:apigateway:ap-northeast-2:lambda:path/2015-03-31/functions/arn:aws:lambda:ap-northeast-2:156557625960:function:broker2:$LATEST/invocations",
            "replace_security_groups_on_destroy": null,
            "replacement_security_group_ids": null,
            "reserved_concurrent_executions": -1,
            "role": "arn:aws:iam::156557625960:role/broker_lambda_role",
            "runtime": "nodejs14.x",
            "s3_bucket": null,
            "s3_key": null,
            "s3_object_version": null,
            "signing_job_arn": "",
            "signing_profile_version_arn": "",
            "skip_destroy": false,
            "snap_start": [],
            "source_code_hash": "IkRhwN3fBtGsdlTGKJFsOBkMOF7racklS/oeQ17Bv+A=",
            "source_code_size": 88832,
            "tags": {},
            "tags_all": {},
            "timeout": 3,
            "timeouts": null,
            "tracing_config": [
              {
                "mode": "PassThrough"
              }
            ],
            "version": "$LATEST",
            "vpc_config": []
          },
          "sensitive_attributes": [],
          "private": "eyJlMmJmYjczMC1lY2FhLTExZTYtOGY4OC0zNDM2M2JjN2M0YzAiOnsiY3JlYXRlIjo2MDAwMDAwMDAwMDAsImRlbGV0ZSI6NjAwMDAwMDAwMDAwLCJ1cGRhdGUiOjYwMDAwMDAwMDAwMH19",
          "dependencies": [
            "aws_iam_role.broker_lambda_role",
            "aws_sns_topic.goal_achievement",
            "aws_sns_topic.payment_attempt",
            "data.archive_file.broker_lambda_zip_file"
          ]
        }
      ]
    },
    {
      "mode": "managed",
      "type": "aws_lambda_function",
      "name": "email_lambda",
      "provider": "provider[\"registry.terraform.io/hashicorp/aws\"]",
      "instances": [
        {
          "schema_version": 0,
          "attributes": {
            "architectures": [
              "x86_64"
            ],
            "arn": "arn:aws:lambda:ap-northeast-2:156557625960:function:sendEmail2",
            "code_signing_config_arn": "",
            "dead_letter_config": [],
            "description": "",
            "environment": [
              {
                "variables": {
                  "LAMBDA_REGION": "ap-northeast-2",
                  "SES_RECIPIENT": "dnehgus0987@naver.com",
                  "SES_REGION": "ap-northeast-2",
                  "SES_SENDER": "dnehgus6975@gmail.com"
                }
              }
            ],
            "ephemeral_storage": [
              {
                "size": 512
              }
            ],
            "file_system_config": [],
            "filename": "./email_lambda.zip",
            "function_name": "sendEmail2",
            "handler": "send-email-lambda.handler",
            "id": "sendEmail2",
            "image_config": [],
            "image_uri": "",
            "invoke_arn": "arn:aws:apigateway:ap-northeast-2:lambda:path/2015-03-31/functions/arn:aws:lambda:ap-northeast-2:156557625960:function:sendEmail2/invocations",
            "kms_key_arn": "",
            "last_modified": "2023-06-27T02:25:44.102+0000",
            "layers": [],
            "memory_size": 128,
            "package_type": "Zip",
            "publish": false,
            "qualified_arn": "arn:aws:lambda:ap-northeast-2:156557625960:function:sendEmail2:$LATEST",
            "qualified_invoke_arn": "arn:aws:apigateway:ap-northeast-2:lambda:path/2015-03-31/functions/arn:aws:lambda:ap-northeast-2:156557625960:function:sendEmail2:$LATEST/invocations",
            "replace_security_groups_on_destroy": null,
            "replacement_security_group_ids": null,
            "reserved_concurrent_executions": -1,
            "role": "arn:aws:iam::156557625960:role/email_lambda_role",
            "runtime": "nodejs14.x",
            "s3_bucket": null,
            "s3_key": null,
            "s3_object_version": null,
            "signing_job_arn": "",
            "signing_profile_version_arn": "",
            "skip_destroy": false,
            "snap_start": [],
            "source_code_hash": "nPQCM7JQGprankPX0wfSBOtVVDCHomUqJKupNyDowaY=",
            "source_code_size": 25730616,
            "tags": {},
            "tags_all": {},
            "timeout": 3,
            "timeouts": null,
            "tracing_config": [
              {
                "mode": "PassThrough"
              }
            ],
            "version": "$LATEST",
            "vpc_config": []
          },
          "sensitive_attributes": [],
          "private": "eyJlMmJmYjczMC1lY2FhLTExZTYtOGY4OC0zNDM2M2JjN2M0YzAiOnsiY3JlYXRlIjo2MDAwMDAwMDAwMDAsImRlbGV0ZSI6NjAwMDAwMDAwMDAwLCJ1cGRhdGUiOjYwMDAwMDAwMDAwMH19",
          "dependencies": [
            "aws_iam_role.email_lambda_role",
            "data.archive_file.email_lambda_zip_file",
            "data.aws_region.current3"
          ]
        }
      ]
    },
    {
      "mode": "managed",
      "type": "aws_lambda_function",
      "name": "fundingUpdate_lambda",
      "provider": "provider[\"registry.terraform.io/hashicorp/aws\"]",
      "instances": [
        {
          "schema_version": 0,
          "attributes": {
            "architectures": [
              "x86_64"
            ],
            "arn": "arn:aws:lambda:ap-northeast-2:156557625960:function:fundingUpdate2",
            "code_signing_config_arn": "",
            "dead_letter_config": [],
            "description": "",
            "environment": [],
            "ephemeral_storage": [
              {
                "size": 512
              }
            ],
            "file_system_config": [],
            "filename": "./fundingUpdate_lambda.zip",
            "function_name": "fundingUpdate2",
            "handler": "funding-update-lambda.handler",
            "id": "fundingUpdate2",
            "image_config": [],
            "image_uri": "",
            "invoke_arn": "arn:aws:apigateway:ap-northeast-2:lambda:path/2015-03-31/functions/arn:aws:lambda:ap-northeast-2:156557625960:function:fundingUpdate2/invocations",
            "kms_key_arn": "",
            "last_modified": "2023-06-27T02:26:10.847+0000",
            "layers": [],
            "memory_size": 128,
            "package_type": "Zip",
            "publish": false,
            "qualified_arn": "arn:aws:lambda:ap-northeast-2:156557625960:function:fundingUpdate2:$LATEST",
            "qualified_invoke_arn": "arn:aws:apigateway:ap-northeast-2:lambda:path/2015-03-31/functions/arn:aws:lambda:ap-northeast-2:156557625960:function:fundingUpdate2:$LATEST/invocations",
            "replace_security_groups_on_destroy": null,
            "replacement_security_group_ids": null,
            "reserved_concurrent_executions": -1,
            "role": "arn:aws:iam::156557625960:role/fundingUpdate_lambda_role",
            "runtime": "nodejs14.x",
            "s3_bucket": null,
            "s3_key": null,
            "s3_object_version": null,
            "signing_job_arn": "",
            "signing_profile_version_arn": "",
            "skip_destroy": false,
            "snap_start": [],
            "source_code_hash": "bMqZ4b3DXxtNus9VZ3PU0O2al4s1JCogR+Xk72jSdKc=",
            "source_code_size": 14121362,
            "tags": {},
            "tags_all": {},
            "timeout": 3,
            "timeouts": null,
            "tracing_config": [
              {
                "mode": "PassThrough"
              }
            ],
            "version": "$LATEST",
            "vpc_config": []
          },
          "sensitive_attributes": [],
          "private": "eyJlMmJmYjczMC1lY2FhLTExZTYtOGY4OC0zNDM2M2JjN2M0YzAiOnsiY3JlYXRlIjo2MDAwMDAwMDAwMDAsImRlbGV0ZSI6NjAwMDAwMDAwMDAwLCJ1cGRhdGUiOjYwMDAwMDAwMDAwMH19",
          "dependencies": [
            "aws_iam_role.fundingUpdate_lambda_role",
            "data.archive_file.fundingupdate_lambda_zip_file"
          ]
        }
      ]
    },
    {
      "mode": "managed",
      "type": "aws_lambda_function",
      "name": "pg_lambda",
      "provider": "provider[\"registry.terraform.io/hashicorp/aws\"]",
      "instances": [
        {
          "schema_version": 0,
          "attributes": {
            "architectures": [
              "x86_64"
            ],
            "arn": "arn:aws:lambda:ap-northeast-2:156557625960:function:pg2",
            "code_signing_config_arn": "",
            "dead_letter_config": [],
            "description": "",
            "environment": [
              {
                "variables": {
                  "APPROVE_PAYMENT_TOPIC": "arn:aws:sns:ap-northeast-2:156557625960:after_approval",
                  "DYNAMO_DB_TABLE_NAME": "paymentTransactions2",
                  "ETC_DLQ": "https://sqs.ap-northeast-2.amazonaws.com/156557625960/etc_error_dlq",
                  "FOR_MAIL": "arn:aws:sns:ap-northeast-2:156557625960:payment_result_mailing",
                  "PAYMENT_DLQ": "https://sqs.ap-northeast-2.amazonaws.com/156557625960/payment_attempt_dlq"
                }
              }
            ],
            "ephemeral_storage": [
              {
                "size": 512
              }
            ],
            "file_system_config": [],
            "filename": "./pg_lambda.zip",
            "function_name": "pg2",
            "handler": "pg-lambda.handler",
            "id": "pg2",
            "image_config": [],
            "image_uri": "",
            "invoke_arn": "arn:aws:apigateway:ap-northeast-2:lambda:path/2015-03-31/functions/arn:aws:lambda:ap-northeast-2:156557625960:function:pg2/invocations",
            "kms_key_arn": "",
            "last_modified": "2023-06-27T02:26:32.585+0000",
            "layers": [],
            "memory_size": 128,
            "package_type": "Zip",
            "publish": false,
            "qualified_arn": "arn:aws:lambda:ap-northeast-2:156557625960:function:pg2:$LATEST",
            "qualified_invoke_arn": "arn:aws:apigateway:ap-northeast-2:lambda:path/2015-03-31/functions/arn:aws:lambda:ap-northeast-2:156557625960:function:pg2:$LATEST/invocations",
            "replace_security_groups_on_destroy": null,
            "replacement_security_group_ids": null,
            "reserved_concurrent_executions": -1,
            "role": "arn:aws:iam::156557625960:role/pg_lambda_role",
            "runtime": "nodejs14.x",
            "s3_bucket": null,
            "s3_key": null,
            "s3_object_version": null,
            "signing_job_arn": "",
            "signing_profile_version_arn": "",
            "skip_destroy": false,
            "snap_start": [],
            "source_code_hash": "aHOkn1b7RZqdeD/UY45A0/ny7pSa63AA9CG5FFrUHr4=",
            "source_code_size": 25729113,
            "tags": {},
            "tags_all": {},
            "timeout": 3,
            "timeouts": null,
            "tracing_config": [
              {
                "mode": "PassThrough"
              }
            ],
            "version": "$LATEST",
            "vpc_config": []
          },
          "sensitive_attributes": [],
          "private": "eyJlMmJmYjczMC1lY2FhLTExZTYtOGY4OC0zNDM2M2JjN2M0YzAiOnsiY3JlYXRlIjo2MDAwMDAwMDAwMDAsImRlbGV0ZSI6NjAwMDAwMDAwMDAwLCJ1cGRhdGUiOjYwMDAwMDAwMDAwMH19",
          "dependencies": [
            "aws_dynamodb_table.paymentTransactions",
            "aws_iam_role.pg_lambda_role",
            "aws_sns_topic.after_approval",
            "aws_sns_topic.payment_result_mailing",
            "aws_sqs_queue.etc_error_dlq",
            "aws_sqs_queue.payment_attempt_dlq",
            "data.archive_file.pg_lambda_zip_file"
          ]
        }
      ]
    },
    {
      "mode": "managed",
      "type": "aws_lambda_function",
      "name": "transaction_lambda",
      "provider": "provider[\"registry.terraform.io/hashicorp/aws\"]",
      "instances": [
        {
          "schema_version": 0,
          "attributes": {
            "architectures": [
              "x86_64"
            ],
            "arn": "arn:aws:lambda:ap-northeast-2:156557625960:function:transaction2",
            "code_signing_config_arn": "",
            "dead_letter_config": [],
            "description": "",
            "environment": [
              {
                "variables": {
                  "PAYMENT_ATTEMPT_TOPIC_ARN": "arn:aws:sns:ap-northeast-2:156557625960:payment_attempt"
                }
              }
            ],
            "ephemeral_storage": [
              {
                "size": 512
              }
            ],
            "file_system_config": [],
            "filename": "./transaction_lambda.zip",
            "function_name": "transaction2",
            "handler": "transaction-lambda.handler",
            "id": "transaction2",
            "image_config": [],
            "image_uri": "",
            "invoke_arn": "arn:aws:apigateway:ap-northeast-2:lambda:path/2015-03-31/functions/arn:aws:lambda:ap-northeast-2:156557625960:function:transaction2/invocations",
            "kms_key_arn": "",
            "last_modified": "2023-06-27T02:25:53.991+0000",
            "layers": [],
            "memory_size": 128,
            "package_type": "Zip",
            "publish": false,
            "qualified_arn": "arn:aws:lambda:ap-northeast-2:156557625960:function:transaction2:$LATEST",
            "qualified_invoke_arn": "arn:aws:apigateway:ap-northeast-2:lambda:path/2015-03-31/functions/arn:aws:lambda:ap-northeast-2:156557625960:function:transaction2:$LATEST/invocations",
            "replace_security_groups_on_destroy": null,
            "replacement_security_group_ids": null,
            "reserved_concurrent_executions": -1,
            "role": "arn:aws:iam::156557625960:role/transaction_lambda_role",
            "runtime": "nodejs14.x",
            "s3_bucket": null,
            "s3_key": null,
            "s3_object_version": null,
            "signing_job_arn": "",
            "signing_profile_version_arn": "",
            "skip_destroy": false,
            "snap_start": [],
            "source_code_hash": "9T3AWr9BOf4dabYRgPtW0Q+VEr7LO6MyfIttNayJOSk=",
            "source_code_size": 25681444,
            "tags": {},
            "tags_all": {},
            "timeout": 3,
            "timeouts": null,
            "tracing_config": [
              {
                "mode": "PassThrough"
              }
            ],
            "version": "$LATEST",
            "vpc_config": []
          },
          "sensitive_attributes": [],
          "private": "eyJlMmJmYjczMC1lY2FhLTExZTYtOGY4OC0zNDM2M2JjN2M0YzAiOnsiY3JlYXRlIjo2MDAwMDAwMDAwMDAsImRlbGV0ZSI6NjAwMDAwMDAwMDAwLCJ1cGRhdGUiOjYwMDAwMDAwMDAwMH19",
          "dependencies": [
            "aws_iam_role.transaction_lambda_role",
            "aws_sns_topic.payment_attempt",
            "data.archive_file.transaction_lambda_zip_file"
          ]
        }
      ]
    },
    {
      "mode": "managed",
      "type": "aws_lambda_function_event_invoke_config",
      "name": "pg_lambda_event_invoke_config",
      "provider": "provider[\"registry.terraform.io/hashicorp/aws\"]",
      "instances": [
        {
          "schema_version": 0,
          "attributes": {
            "destination_config": [
              {
                "on_failure": [
                  {
                    "destination": "arn:aws:sns:ap-northeast-2:156557625960:payment_result_mailing"
                  }
                ],
                "on_success": [
                  {
                    "destination": "arn:aws:sns:ap-northeast-2:156557625960:payment_result_mailing"
                  }
                ]
              }
            ],
            "function_name": "pg2",
            "id": "pg2",
            "maximum_event_age_in_seconds": 0,
            "maximum_retry_attempts": 2,
            "qualifier": ""
          },
          "sensitive_attributes": [],
          "private": "bnVsbA==",
          "dependencies": [
            "aws_dynamodb_table.paymentTransactions",
            "aws_iam_role.pg_lambda_role",
            "aws_lambda_function.pg_lambda",
            "aws_sns_topic.after_approval",
            "aws_sns_topic.payment_result_mailing",
            "aws_sqs_queue.etc_error_dlq",
            "aws_sqs_queue.payment_attempt_dlq",
            "data.archive_file.pg_lambda_zip_file"
          ]
        }
      ]
    },
    {
      "mode": "managed",
      "type": "aws_lambda_permission",
      "name": "api_gateway_permission",
      "provider": "provider[\"registry.terraform.io/hashicorp/aws\"]",
      "instances": [
        {
          "schema_version": 0,
          "attributes": {
            "action": "lambda:InvokeFunction",
            "event_source_token": null,
            "function_name": "broker2",
            "function_url_auth_type": null,
            "id": "AllowExecutionFromAPIGateway",
            "principal": "apigateway.amazonaws.com",
            "principal_org_id": null,
            "qualifier": "",
            "source_account": null,
            "source_arn": "arn:aws:execute-api:ap-northeast-2:156557625960:e87z0kfwe1/*/POST/broker",
            "statement_id": "AllowExecutionFromAPIGateway",
            "statement_id_prefix": ""
          },
          "sensitive_attributes": [],
          "private": "bnVsbA==",
          "dependencies": [
            "aws_api_gateway_method.api_method",
            "aws_api_gateway_resource.api_resource",
            "aws_api_gateway_rest_api.my_api_gateway",
            "aws_iam_role.broker_lambda_role",
            "aws_lambda_function.broker_lambda",
            "aws_sns_topic.goal_achievement",
            "aws_sns_topic.payment_attempt",
            "data.archive_file.broker_lambda_zip_file",
            "data.aws_caller_identity.current7",
            "data.aws_region.current7"
          ]
        }
      ]
    },
    {
      "mode": "managed",
      "type": "aws_sns_topic",
      "name": "after_approval",
      "provider": "provider[\"registry.terraform.io/hashicorp/aws\"]",
      "instances": [
        {
          "schema_version": 0,
          "attributes": {
            "application_failure_feedback_role_arn": "",
            "application_success_feedback_role_arn": "",
            "application_success_feedback_sample_rate": 0,
            "arn": "arn:aws:sns:ap-northeast-2:156557625960:after_approval",
            "content_based_deduplication": false,
            "delivery_policy": "",
            "display_name": "",
            "fifo_topic": false,
            "firehose_failure_feedback_role_arn": "",
            "firehose_success_feedback_role_arn": "",
            "firehose_success_feedback_sample_rate": 0,
            "http_failure_feedback_role_arn": "",
            "http_success_feedback_role_arn": "",
            "http_success_feedback_sample_rate": 0,
            "id": "arn:aws:sns:ap-northeast-2:156557625960:after_approval",
            "kms_master_key_id": "",
            "lambda_failure_feedback_role_arn": "",
            "lambda_success_feedback_role_arn": "",
            "lambda_success_feedback_sample_rate": 0,
            "name": "after_approval",
            "name_prefix": "",
            "owner": "156557625960",
            "policy": "{\"Id\":\"__default_policy_ID9\",\"Statement\":[{\"Action\":[\"SNS:Subscribe\",\"SNS:SetTopicAttributes\",\"SNS:RemovePermission\",\"SNS:Receive\",\"SNS:Publish\",\"SNS:ListSubscriptionsByTopic\",\"SNS:GetTopicAttributes\",\"SNS:DeleteTopic\",\"SNS:AddPermission\"],\"Condition\":{\"StringEquals\":{\"AWS:SourceOwner\":\"138191045074\"}},\"Effect\":\"Allow\",\"Principal\":{\"AWS\":\"*\"},\"Resource\":\"arn:aws:sns:ap-northeast-2:156557625960:after_approval\",\"Sid\":\"__default_statement_ID\"}],\"Version\":\"2012-10-17\"}",
            "signature_version": 0,
            "sqs_failure_feedback_role_arn": "",
            "sqs_success_feedback_role_arn": "",
            "sqs_success_feedback_sample_rate": 0,
            "tags": {},
            "tags_all": {},
            "tracing_config": ""
          },
          "sensitive_attributes": [],
          "private": "bnVsbA=="
        }
      ]
    },
    {
      "mode": "managed",
      "type": "aws_sns_topic",
      "name": "goal_achievement",
      "provider": "provider[\"registry.terraform.io/hashicorp/aws\"]",
      "instances": [
        {
          "schema_version": 0,
          "attributes": {
            "application_failure_feedback_role_arn": "",
            "application_success_feedback_role_arn": "",
            "application_success_feedback_sample_rate": 0,
            "arn": "arn:aws:sns:ap-northeast-2:156557625960:goal_achievement",
            "content_based_deduplication": false,
            "delivery_policy": "",
            "display_name": "",
            "fifo_topic": false,
            "firehose_failure_feedback_role_arn": "",
            "firehose_success_feedback_role_arn": "",
            "firehose_success_feedback_sample_rate": 0,
            "http_failure_feedback_role_arn": "",
            "http_success_feedback_role_arn": "",
            "http_success_feedback_sample_rate": 0,
            "id": "arn:aws:sns:ap-northeast-2:156557625960:goal_achievement",
            "kms_master_key_id": "",
            "lambda_failure_feedback_role_arn": "",
            "lambda_success_feedback_role_arn": "",
            "lambda_success_feedback_sample_rate": 0,
            "name": "goal_achievement",
            "name_prefix": "",
            "owner": "156557625960",
            "policy": "{\"Id\":\"__default_policy_ID8\",\"Statement\":[{\"Action\":[\"SNS:Subscribe\",\"SNS:SetTopicAttributes\",\"SNS:RemovePermission\",\"SNS:Receive\",\"SNS:Publish\",\"SNS:ListSubscriptionsByTopic\",\"SNS:GetTopicAttributes\",\"SNS:DeleteTopic\",\"SNS:AddPermission\"],\"Condition\":{\"StringEquals\":{\"AWS:SourceOwner\":\"138191045074\"}},\"Effect\":\"Allow\",\"Principal\":{\"AWS\":\"*\"},\"Resource\":\"arn:aws:sns:ap-northeast-2:156557625960:goal_achievement\",\"Sid\":\"__default_statement_ID\"}],\"Version\":\"2012-10-17\"}",
            "signature_version": 0,
            "sqs_failure_feedback_role_arn": "",
            "sqs_success_feedback_role_arn": "",
            "sqs_success_feedback_sample_rate": 0,
            "tags": {},
            "tags_all": {},
            "tracing_config": ""
          },
          "sensitive_attributes": [],
          "private": "bnVsbA=="
        }
      ]
    },
    {
      "mode": "managed",
      "type": "aws_sns_topic",
      "name": "payment_attempt",
      "provider": "provider[\"registry.terraform.io/hashicorp/aws\"]",
      "instances": [
        {
          "schema_version": 0,
          "attributes": {
            "application_failure_feedback_role_arn": "",
            "application_success_feedback_role_arn": "",
            "application_success_feedback_sample_rate": 0,
            "arn": "arn:aws:sns:ap-northeast-2:156557625960:payment_attempt",
            "content_based_deduplication": false,
            "delivery_policy": "",
            "display_name": "",
            "fifo_topic": false,
            "firehose_failure_feedback_role_arn": "",
            "firehose_success_feedback_role_arn": "",
            "firehose_success_feedback_sample_rate": 0,
            "http_failure_feedback_role_arn": "",
            "http_success_feedback_role_arn": "",
            "http_success_feedback_sample_rate": 0,
            "id": "arn:aws:sns:ap-northeast-2:156557625960:payment_attempt",
            "kms_master_key_id": "",
            "lambda_failure_feedback_role_arn": "",
            "lambda_success_feedback_role_arn": "",
            "lambda_success_feedback_sample_rate": 0,
            "name": "payment_attempt",
            "name_prefix": "",
            "owner": "156557625960",
            "policy": "{\"Id\":\"__default_policy_ID3\",\"Statement\":[{\"Action\":[\"SNS:Subscribe\",\"SNS:SetTopicAttributes\",\"SNS:RemovePermission\",\"SNS:Receive\",\"SNS:Publish\",\"SNS:ListSubscriptionsByTopic\",\"SNS:GetTopicAttributes\",\"SNS:DeleteTopic\",\"SNS:AddPermission\"],\"Condition\":{\"StringEquals\":{\"AWS:SourceOwner\":\"138191045074\"}},\"Effect\":\"Allow\",\"Principal\":{\"AWS\":\"*\"},\"Resource\":\"arn:aws:sns:ap-northeast-2:156557625960:payment_attempt\",\"Sid\":\"__default_statement_ID\"}],\"Version\":\"2012-10-17\"}",
            "signature_version": 0,
            "sqs_failure_feedback_role_arn": "",
            "sqs_success_feedback_role_arn": "",
            "sqs_success_feedback_sample_rate": 0,
            "tags": {},
            "tags_all": {},
            "tracing_config": ""
          },
          "sensitive_attributes": [],
          "private": "bnVsbA=="
        }
      ]
    },
    {
      "mode": "managed",
      "type": "aws_sns_topic",
      "name": "payment_result_mailing",
      "provider": "provider[\"registry.terraform.io/hashicorp/aws\"]",
      "instances": [
        {
          "schema_version": 0,
          "attributes": {
            "application_failure_feedback_role_arn": "",
            "application_success_feedback_role_arn": "",
            "application_success_feedback_sample_rate": 0,
            "arn": "arn:aws:sns:ap-northeast-2:156557625960:payment_result_mailing",
            "content_based_deduplication": false,
            "delivery_policy": "",
            "display_name": "",
            "fifo_topic": false,
            "firehose_failure_feedback_role_arn": "",
            "firehose_success_feedback_role_arn": "",
            "firehose_success_feedback_sample_rate": 0,
            "http_failure_feedback_role_arn": "",
            "http_success_feedback_role_arn": "",
            "http_success_feedback_sample_rate": 0,
            "id": "arn:aws:sns:ap-northeast-2:156557625960:payment_result_mailing",
            "kms_master_key_id": "",
            "lambda_failure_feedback_role_arn": "",
            "lambda_success_feedback_role_arn": "",
            "lambda_success_feedback_sample_rate": 0,
            "name": "payment_result_mailing",
            "name_prefix": "",
            "owner": "156557625960",
            "policy": "{\"Id\":\"__default_policy_ID7\",\"Statement\":[{\"Action\":[\"SNS:Subscribe\",\"SNS:SetTopicAttributes\",\"SNS:RemovePermission\",\"SNS:Receive\",\"SNS:Publish\",\"SNS:ListSubscriptionsByTopic\",\"SNS:GetTopicAttributes\",\"SNS:DeleteTopic\",\"SNS:AddPermission\"],\"Condition\":{\"StringEquals\":{\"AWS:SourceOwner\":\"138191045074\"}},\"Effect\":\"Allow\",\"Principal\":{\"AWS\":\"*\"},\"Resource\":\"arn:aws:sns:ap-northeast-2:156557625960:payment_result_mailing\",\"Sid\":\"__default_statement_ID\"}],\"Version\":\"2012-10-17\"}",
            "signature_version": 0,
            "sqs_failure_feedback_role_arn": "",
            "sqs_success_feedback_role_arn": "",
            "sqs_success_feedback_sample_rate": 0,
            "tags": {},
            "tags_all": {},
            "tracing_config": ""
          },
          "sensitive_attributes": [],
          "private": "bnVsbA=="
        }
      ]
    },
    {
      "mode": "managed",
      "type": "aws_sns_topic_policy",
      "name": "gafter_approval_policy",
      "provider": "provider[\"registry.terraform.io/hashicorp/aws\"]",
      "instances": [
        {
          "schema_version": 0,
          "attributes": {
            "arn": "arn:aws:sns:ap-northeast-2:156557625960:after_approval",
            "id": "arn:aws:sns:ap-northeast-2:156557625960:after_approval",
            "owner": "156557625960",
            "policy": "{\"Id\":\"__default_policy_ID9\",\"Statement\":[{\"Action\":[\"SNS:Subscribe\",\"SNS:SetTopicAttributes\",\"SNS:RemovePermission\",\"SNS:Receive\",\"SNS:Publish\",\"SNS:ListSubscriptionsByTopic\",\"SNS:GetTopicAttributes\",\"SNS:DeleteTopic\",\"SNS:AddPermission\"],\"Condition\":{\"StringEquals\":{\"AWS:SourceOwner\":\"138191045074\"}},\"Effect\":\"Allow\",\"Principal\":{\"AWS\":\"*\"},\"Resource\":\"arn:aws:sns:ap-northeast-2:156557625960:after_approval\",\"Sid\":\"__default_statement_ID\"}],\"Version\":\"2012-10-17\"}"
          },
          "sensitive_attributes": [],
          "private": "bnVsbA==",
          "dependencies": [
            "aws_sns_topic.after_approval",
            "data.aws_iam_policy_document.after_approval_policy"
          ]
        }
      ]
    },
    {
      "mode": "managed",
      "type": "aws_sns_topic_policy",
      "name": "goal_achievement_policy",
      "provider": "provider[\"registry.terraform.io/hashicorp/aws\"]",
      "instances": [
        {
          "schema_version": 0,
          "attributes": {
            "arn": "arn:aws:sns:ap-northeast-2:156557625960:goal_achievement",
            "id": "arn:aws:sns:ap-northeast-2:156557625960:goal_achievement",
            "owner": "156557625960",
            "policy": "{\"Id\":\"__default_policy_ID8\",\"Statement\":[{\"Action\":[\"SNS:Subscribe\",\"SNS:SetTopicAttributes\",\"SNS:RemovePermission\",\"SNS:Receive\",\"SNS:Publish\",\"SNS:ListSubscriptionsByTopic\",\"SNS:GetTopicAttributes\",\"SNS:DeleteTopic\",\"SNS:AddPermission\"],\"Condition\":{\"StringEquals\":{\"AWS:SourceOwner\":\"138191045074\"}},\"Effect\":\"Allow\",\"Principal\":{\"AWS\":\"*\"},\"Resource\":\"arn:aws:sns:ap-northeast-2:156557625960:goal_achievement\",\"Sid\":\"__default_statement_ID\"}],\"Version\":\"2012-10-17\"}"
          },
          "sensitive_attributes": [],
          "private": "bnVsbA==",
          "dependencies": [
            "aws_sns_topic.goal_achievement",
            "data.aws_iam_policy_document.goal_achievement_policy"
          ]
        }
      ]
    },
    {
      "mode": "managed",
      "type": "aws_sns_topic_policy",
      "name": "payment_attempt_policy",
      "provider": "provider[\"registry.terraform.io/hashicorp/aws\"]",
      "instances": [
        {
          "schema_version": 0,
          "attributes": {
            "arn": "arn:aws:sns:ap-northeast-2:156557625960:payment_attempt",
            "id": "arn:aws:sns:ap-northeast-2:156557625960:payment_attempt",
            "owner": "156557625960",
            "policy": "{\"Id\":\"__default_policy_ID3\",\"Statement\":[{\"Action\":[\"SNS:Subscribe\",\"SNS:SetTopicAttributes\",\"SNS:RemovePermission\",\"SNS:Receive\",\"SNS:Publish\",\"SNS:ListSubscriptionsByTopic\",\"SNS:GetTopicAttributes\",\"SNS:DeleteTopic\",\"SNS:AddPermission\"],\"Condition\":{\"StringEquals\":{\"AWS:SourceOwner\":\"138191045074\"}},\"Effect\":\"Allow\",\"Principal\":{\"AWS\":\"*\"},\"Resource\":\"arn:aws:sns:ap-northeast-2:156557625960:payment_attempt\",\"Sid\":\"__default_statement_ID\"}],\"Version\":\"2012-10-17\"}"
          },
          "sensitive_attributes": [],
          "private": "bnVsbA==",
          "dependencies": [
            "aws_sns_topic.payment_attempt",
            "data.aws_iam_policy_document.payment_attempt_policy"
          ]
        }
      ]
    },
    {
      "mode": "managed",
      "type": "aws_sns_topic_policy",
      "name": "payment_result_mailing_policy",
      "provider": "provider[\"registry.terraform.io/hashicorp/aws\"]",
      "instances": [
        {
          "schema_version": 0,
          "attributes": {
            "arn": "arn:aws:sns:ap-northeast-2:156557625960:payment_result_mailing",
            "id": "arn:aws:sns:ap-northeast-2:156557625960:payment_result_mailing",
            "owner": "156557625960",
            "policy": "{\"Id\":\"__default_policy_ID7\",\"Statement\":[{\"Action\":[\"SNS:Subscribe\",\"SNS:SetTopicAttributes\",\"SNS:RemovePermission\",\"SNS:Receive\",\"SNS:Publish\",\"SNS:ListSubscriptionsByTopic\",\"SNS:GetTopicAttributes\",\"SNS:DeleteTopic\",\"SNS:AddPermission\"],\"Condition\":{\"StringEquals\":{\"AWS:SourceOwner\":\"138191045074\"}},\"Effect\":\"Allow\",\"Principal\":{\"AWS\":\"*\"},\"Resource\":\"arn:aws:sns:ap-northeast-2:156557625960:payment_result_mailing\",\"Sid\":\"__default_statement_ID\"}],\"Version\":\"2012-10-17\"}"
          },
          "sensitive_attributes": [],
          "private": "bnVsbA==",
          "dependencies": [
            "aws_sns_topic.payment_result_mailing",
            "data.aws_iam_policy_document.payment_result_mailing_policy"
          ]
        }
      ]
    },
    {
      "mode": "managed",
      "type": "aws_sns_topic_subscription",
      "name": "after_approval_target",
      "provider": "provider[\"registry.terraform.io/hashicorp/aws\"]",
      "instances": [
        {
          "schema_version": 0,
          "attributes": {
            "arn": "arn:aws:sns:ap-northeast-2:156557625960:after_approval:a3e63ca8-8da5-4e04-a58d-b6e5e6e08252",
            "confirmation_timeout_in_minutes": 1,
            "confirmation_was_authenticated": true,
            "delivery_policy": "",
            "endpoint": "arn:aws:sqs:ap-northeast-2:156557625960:after_approval_queue",
            "endpoint_auto_confirms": false,
            "filter_policy": "",
            "filter_policy_scope": "",
            "id": "arn:aws:sns:ap-northeast-2:156557625960:after_approval:a3e63ca8-8da5-4e04-a58d-b6e5e6e08252",
            "owner_id": "156557625960",
            "pending_confirmation": false,
            "protocol": "sqs",
            "raw_message_delivery": false,
            "redrive_policy": "",
            "subscription_role_arn": "",
            "topic_arn": "arn:aws:sns:ap-northeast-2:156557625960:after_approval"
          },
          "sensitive_attributes": [],
          "private": "bnVsbA==",
          "dependencies": [
            "aws_sns_topic.after_approval",
            "aws_sqs_queue.after_approval_dlq",
            "aws_sqs_queue.after_approval_queue"
          ]
        }
      ]
    },
    {
      "mode": "managed",
      "type": "aws_sns_topic_subscription",
      "name": "goal_achievement_target",
      "provider": "provider[\"registry.terraform.io/hashicorp/aws\"]",
      "instances": [
        {
          "schema_version": 0,
          "attributes": {
            "arn": "arn:aws:sns:ap-northeast-2:156557625960:goal_achievement:ec505b72-d130-4176-ba65-2e7185978fd4",
            "confirmation_timeout_in_minutes": 1,
            "confirmation_was_authenticated": true,
            "delivery_policy": "",
            "endpoint": "arn:aws:sqs:ap-northeast-2:156557625960:goal_achievement_queue",
            "endpoint_auto_confirms": false,
            "filter_policy": "",
            "filter_policy_scope": "",
            "id": "arn:aws:sns:ap-northeast-2:156557625960:goal_achievement:ec505b72-d130-4176-ba65-2e7185978fd4",
            "owner_id": "156557625960",
            "pending_confirmation": false,
            "protocol": "sqs",
            "raw_message_delivery": false,
            "redrive_policy": "",
            "subscription_role_arn": "",
            "topic_arn": "arn:aws:sns:ap-northeast-2:156557625960:goal_achievement"
          },
          "sensitive_attributes": [],
          "private": "bnVsbA==",
          "dependencies": [
            "aws_sns_topic.goal_achievement",
            "aws_sqs_queue.goal_achievement_dlq",
            "aws_sqs_queue.goal_achievement_queue"
          ]
        }
      ]
    },
    {
      "mode": "managed",
      "type": "aws_sns_topic_subscription",
      "name": "payment_attempt_sqs_target",
      "provider": "provider[\"registry.terraform.io/hashicorp/aws\"]",
      "instances": [
        {
          "schema_version": 0,
          "attributes": {
            "arn": "arn:aws:sns:ap-northeast-2:156557625960:payment_attempt:e5b2a898-6ca6-48c5-abee-b4777b2fc688",
            "confirmation_timeout_in_minutes": 1,
            "confirmation_was_authenticated": true,
            "delivery_policy": "",
            "endpoint": "arn:aws:sqs:ap-northeast-2:156557625960:payment_attempt_queue",
            "endpoint_auto_confirms": false,
            "filter_policy": "",
            "filter_policy_scope": "",
            "id": "arn:aws:sns:ap-northeast-2:156557625960:payment_attempt:e5b2a898-6ca6-48c5-abee-b4777b2fc688",
            "owner_id": "156557625960",
            "pending_confirmation": false,
            "protocol": "sqs",
            "raw_message_delivery": false,
            "redrive_policy": "",
            "subscription_role_arn": "",
            "topic_arn": "arn:aws:sns:ap-northeast-2:156557625960:payment_attempt"
          },
          "sensitive_attributes": [],
          "private": "bnVsbA==",
          "dependencies": [
            "aws_sns_topic.payment_attempt",
            "aws_sqs_queue.payment_attempt_dlq",
            "aws_sqs_queue.payment_attempt_queue"
          ]
        }
      ]
    },
    {
      "mode": "managed",
      "type": "aws_sns_topic_subscription",
      "name": "payment_result_mailing_target",
      "provider": "provider[\"registry.terraform.io/hashicorp/aws\"]",
      "instances": [
        {
          "schema_version": 0,
          "attributes": {
            "arn": "arn:aws:sns:ap-northeast-2:156557625960:payment_result_mailing:6a545cf1-5548-4e4b-99b6-e6421ef509b8",
            "confirmation_timeout_in_minutes": 1,
            "confirmation_was_authenticated": true,
            "delivery_policy": "",
            "endpoint": "arn:aws:sqs:ap-northeast-2:156557625960:payment_result_mailing_queue",
            "endpoint_auto_confirms": false,
            "filter_policy": "",
            "filter_policy_scope": "",
            "id": "arn:aws:sns:ap-northeast-2:156557625960:payment_result_mailing:6a545cf1-5548-4e4b-99b6-e6421ef509b8",
            "owner_id": "156557625960",
            "pending_confirmation": false,
            "protocol": "sqs",
            "raw_message_delivery": false,
            "redrive_policy": "",
            "subscription_role_arn": "",
            "topic_arn": "arn:aws:sns:ap-northeast-2:156557625960:payment_result_mailing"
          },
          "sensitive_attributes": [],
          "private": "bnVsbA==",
          "dependencies": [
            "aws_sns_topic.payment_result_mailing",
            "aws_sqs_queue.payment_result_mailing_dlq",
            "aws_sqs_queue.payment_result_mailing_queue"
          ]
        }
      ]
    },
    {
      "mode": "managed",
      "type": "aws_sqs_queue",
      "name": "after_approval_dlq",
      "provider": "provider[\"registry.terraform.io/hashicorp/aws\"]",
      "instances": [
        {
          "schema_version": 0,
          "attributes": {
            "arn": "arn:aws:sqs:ap-northeast-2:156557625960:after_approval_dlq",
            "content_based_deduplication": false,
            "deduplication_scope": "",
            "delay_seconds": 0,
            "fifo_queue": false,
            "fifo_throughput_limit": "",
            "id": "https://sqs.ap-northeast-2.amazonaws.com/156557625960/after_approval_dlq",
            "kms_data_key_reuse_period_seconds": 300,
            "kms_master_key_id": "",
            "max_message_size": 262144,
            "message_retention_seconds": 345600,
            "name": "after_approval_dlq",
            "name_prefix": "",
            "policy": "",
            "receive_wait_time_seconds": 0,
            "redrive_allow_policy": "",
            "redrive_policy": "",
            "sqs_managed_sse_enabled": true,
            "tags": {},
            "tags_all": {},
            "url": "https://sqs.ap-northeast-2.amazonaws.com/156557625960/after_approval_dlq",
            "visibility_timeout_seconds": 30
          },
          "sensitive_attributes": [],
          "private": "bnVsbA=="
        }
      ]
    },
    {
      "mode": "managed",
      "type": "aws_sqs_queue",
      "name": "after_approval_queue",
      "provider": "provider[\"registry.terraform.io/hashicorp/aws\"]",
      "instances": [
        {
          "schema_version": 0,
          "attributes": {
            "arn": "arn:aws:sqs:ap-northeast-2:156557625960:after_approval_queue",
            "content_based_deduplication": false,
            "deduplication_scope": "",
            "delay_seconds": 1,
            "fifo_queue": false,
            "fifo_throughput_limit": "",
            "id": "https://sqs.ap-northeast-2.amazonaws.com/156557625960/after_approval_queue",
            "kms_data_key_reuse_period_seconds": 300,
            "kms_master_key_id": "",
            "max_message_size": 2048,
            "message_retention_seconds": 86400,
            "name": "after_approval_queue",
            "name_prefix": "",
            "policy": "{\"Statement\":[{\"Action\":\"sqs:SendMessage\",\"Condition\":{\"ArnEquals\":{\"aws:SourceArn\":\"arn:aws:sns:ap-northeast-2:156557625960:after_approval\"}},\"Effect\":\"Allow\",\"Principal\":{\"AWS\":\"*\"},\"Resource\":\"arn:aws:sqs:ap-northeast-2:156557625960:after_approval_queue\"}],\"Version\":\"2012-10-17\"}",
            "receive_wait_time_seconds": 1,
            "redrive_allow_policy": "",
            "redrive_policy": "{\"deadLetterTargetArn\":\"arn:aws:sqs:ap-northeast-2:156557625960:after_approval_dlq\",\"maxReceiveCount\":3}",
            "sqs_managed_sse_enabled": true,
            "tags": {},
            "tags_all": {},
            "url": "https://sqs.ap-northeast-2.amazonaws.com/156557625960/after_approval_queue",
            "visibility_timeout_seconds": 30
          },
          "sensitive_attributes": [],
          "private": "bnVsbA==",
          "dependencies": [
            "aws_sqs_queue.after_approval_dlq"
          ]
        }
      ]
    },
    {
      "mode": "managed",
      "type": "aws_sqs_queue",
      "name": "etc_error_dlq",
      "provider": "provider[\"registry.terraform.io/hashicorp/aws\"]",
      "instances": [
        {
          "schema_version": 0,
          "attributes": {
            "arn": "arn:aws:sqs:ap-northeast-2:156557625960:etc_error_dlq",
            "content_based_deduplication": false,
            "deduplication_scope": "",
            "delay_seconds": 0,
            "fifo_queue": false,
            "fifo_throughput_limit": "",
            "id": "https://sqs.ap-northeast-2.amazonaws.com/156557625960/etc_error_dlq",
            "kms_data_key_reuse_period_seconds": 300,
            "kms_master_key_id": "",
            "max_message_size": 262144,
            "message_retention_seconds": 345600,
            "name": "etc_error_dlq",
            "name_prefix": "",
            "policy": "",
            "receive_wait_time_seconds": 0,
            "redrive_allow_policy": "",
            "redrive_policy": "",
            "sqs_managed_sse_enabled": true,
            "tags": {},
            "tags_all": {},
            "url": "https://sqs.ap-northeast-2.amazonaws.com/156557625960/etc_error_dlq",
            "visibility_timeout_seconds": 30
          },
          "sensitive_attributes": [],
          "private": "bnVsbA=="
        }
      ]
    },
    {
      "mode": "managed",
      "type": "aws_sqs_queue",
      "name": "goal_achievement_dlq",
      "provider": "provider[\"registry.terraform.io/hashicorp/aws\"]",
      "instances": [
        {
          "schema_version": 0,
          "attributes": {
            "arn": "arn:aws:sqs:ap-northeast-2:156557625960:goal_achievement_dlq",
            "content_based_deduplication": false,
            "deduplication_scope": "",
            "delay_seconds": 0,
            "fifo_queue": false,
            "fifo_throughput_limit": "",
            "id": "https://sqs.ap-northeast-2.amazonaws.com/156557625960/goal_achievement_dlq",
            "kms_data_key_reuse_period_seconds": 300,
            "kms_master_key_id": "",
            "max_message_size": 262144,
            "message_retention_seconds": 345600,
            "name": "goal_achievement_dlq",
            "name_prefix": "",
            "policy": "",
            "receive_wait_time_seconds": 0,
            "redrive_allow_policy": "",
            "redrive_policy": "",
            "sqs_managed_sse_enabled": true,
            "tags": {},
            "tags_all": {},
            "url": "https://sqs.ap-northeast-2.amazonaws.com/156557625960/goal_achievement_dlq",
            "visibility_timeout_seconds": 30
          },
          "sensitive_attributes": [],
          "private": "bnVsbA=="
        }
      ]
    },
    {
      "mode": "managed",
      "type": "aws_sqs_queue",
      "name": "goal_achievement_queue",
      "provider": "provider[\"registry.terraform.io/hashicorp/aws\"]",
      "instances": [
        {
          "schema_version": 0,
          "attributes": {
            "arn": "arn:aws:sqs:ap-northeast-2:156557625960:goal_achievement_queue",
            "content_based_deduplication": false,
            "deduplication_scope": "",
            "delay_seconds": 1,
            "fifo_queue": false,
            "fifo_throughput_limit": "",
            "id": "https://sqs.ap-northeast-2.amazonaws.com/156557625960/goal_achievement_queue",
            "kms_data_key_reuse_period_seconds": 300,
            "kms_master_key_id": "",
            "max_message_size": 2048,
            "message_retention_seconds": 86400,
            "name": "goal_achievement_queue",
            "name_prefix": "",
            "policy": "{\"Statement\":[{\"Action\":\"sqs:SendMessage\",\"Condition\":{\"ArnEquals\":{\"aws:SourceArn\":\"arn:aws:sns:ap-northeast-2:156557625960:goal_achievement\"}},\"Effect\":\"Allow\",\"Principal\":{\"AWS\":\"*\"},\"Resource\":\"arn:aws:sqs:ap-northeast-2:156557625960:goal_achievement_queue\"}],\"Version\":\"2012-10-17\"}",
            "receive_wait_time_seconds": 1,
            "redrive_allow_policy": "",
            "redrive_policy": "{\"deadLetterTargetArn\":\"arn:aws:sqs:ap-northeast-2:156557625960:goal_achievement_dlq\",\"maxReceiveCount\":3}",
            "sqs_managed_sse_enabled": true,
            "tags": {},
            "tags_all": {},
            "url": "https://sqs.ap-northeast-2.amazonaws.com/156557625960/goal_achievement_queue",
            "visibility_timeout_seconds": 30
          },
          "sensitive_attributes": [],
          "private": "bnVsbA==",
          "dependencies": [
            "aws_sqs_queue.goal_achievement_dlq"
          ]
        }
      ]
    },
    {
      "mode": "managed",
      "type": "aws_sqs_queue",
      "name": "payment_attempt_dlq",
      "provider": "provider[\"registry.terraform.io/hashicorp/aws\"]",
      "instances": [
        {
          "schema_version": 0,
          "attributes": {
            "arn": "arn:aws:sqs:ap-northeast-2:156557625960:payment_attempt_dlq",
            "content_based_deduplication": false,
            "deduplication_scope": "",
            "delay_seconds": 0,
            "fifo_queue": false,
            "fifo_throughput_limit": "",
            "id": "https://sqs.ap-northeast-2.amazonaws.com/156557625960/payment_attempt_dlq",
            "kms_data_key_reuse_period_seconds": 300,
            "kms_master_key_id": "",
            "max_message_size": 262144,
            "message_retention_seconds": 345600,
            "name": "payment_attempt_dlq",
            "name_prefix": "",
            "policy": "",
            "receive_wait_time_seconds": 0,
            "redrive_allow_policy": "",
            "redrive_policy": "",
            "sqs_managed_sse_enabled": true,
            "tags": {},
            "tags_all": {},
            "url": "https://sqs.ap-northeast-2.amazonaws.com/156557625960/payment_attempt_dlq",
            "visibility_timeout_seconds": 30
          },
          "sensitive_attributes": [],
          "private": "bnVsbA=="
        }
      ]
    },
    {
      "mode": "managed",
      "type": "aws_sqs_queue",
      "name": "payment_attempt_queue",
      "provider": "provider[\"registry.terraform.io/hashicorp/aws\"]",
      "instances": [
        {
          "schema_version": 0,
          "attributes": {
            "arn": "arn:aws:sqs:ap-northeast-2:156557625960:payment_attempt_queue",
            "content_based_deduplication": false,
            "deduplication_scope": "",
            "delay_seconds": 1,
            "fifo_queue": false,
            "fifo_throughput_limit": "",
            "id": "https://sqs.ap-northeast-2.amazonaws.com/156557625960/payment_attempt_queue",
            "kms_data_key_reuse_period_seconds": 300,
            "kms_master_key_id": "",
            "max_message_size": 2048,
            "message_retention_seconds": 86400,
            "name": "payment_attempt_queue",
            "name_prefix": "",
            "policy": "{\"Statement\":[{\"Action\":\"sqs:SendMessage\",\"Condition\":{\"ArnEquals\":{\"aws:SourceArn\":\"arn:aws:sns:ap-northeast-2:156557625960:payment_attempt\"}},\"Effect\":\"Allow\",\"Principal\":{\"AWS\":\"*\"},\"Resource\":\"arn:aws:sqs:ap-northeast-2:156557625960:payment_attempt_queue\"}],\"Version\":\"2012-10-17\"}",
            "receive_wait_time_seconds": 1,
            "redrive_allow_policy": "",
            "redrive_policy": "{\"deadLetterTargetArn\":\"arn:aws:sqs:ap-northeast-2:156557625960:payment_attempt_dlq\",\"maxReceiveCount\":3}",
            "sqs_managed_sse_enabled": true,
            "tags": {},
            "tags_all": {},
            "url": "https://sqs.ap-northeast-2.amazonaws.com/156557625960/payment_attempt_queue",
            "visibility_timeout_seconds": 30
          },
          "sensitive_attributes": [],
          "private": "bnVsbA==",
          "dependencies": [
            "aws_sqs_queue.payment_attempt_dlq"
          ]
        }
      ]
    },
    {
      "mode": "managed",
      "type": "aws_sqs_queue",
      "name": "payment_result_mailing_dlq",
      "provider": "provider[\"registry.terraform.io/hashicorp/aws\"]",
      "instances": [
        {
          "schema_version": 0,
          "attributes": {
            "arn": "arn:aws:sqs:ap-northeast-2:156557625960:payment_result_mailing_dlq",
            "content_based_deduplication": false,
            "deduplication_scope": "",
            "delay_seconds": 0,
            "fifo_queue": false,
            "fifo_throughput_limit": "",
            "id": "https://sqs.ap-northeast-2.amazonaws.com/156557625960/payment_result_mailing_dlq",
            "kms_data_key_reuse_period_seconds": 300,
            "kms_master_key_id": "",
            "max_message_size": 262144,
            "message_retention_seconds": 345600,
            "name": "payment_result_mailing_dlq",
            "name_prefix": "",
            "policy": "",
            "receive_wait_time_seconds": 0,
            "redrive_allow_policy": "",
            "redrive_policy": "",
            "sqs_managed_sse_enabled": true,
            "tags": {},
            "tags_all": {},
            "url": "https://sqs.ap-northeast-2.amazonaws.com/156557625960/payment_result_mailing_dlq",
            "visibility_timeout_seconds": 30
          },
          "sensitive_attributes": [],
          "private": "bnVsbA=="
        }
      ]
    },
    {
      "mode": "managed",
      "type": "aws_sqs_queue",
      "name": "payment_result_mailing_queue",
      "provider": "provider[\"registry.terraform.io/hashicorp/aws\"]",
      "instances": [
        {
          "schema_version": 0,
          "attributes": {
            "arn": "arn:aws:sqs:ap-northeast-2:156557625960:payment_result_mailing_queue",
            "content_based_deduplication": false,
            "deduplication_scope": "",
            "delay_seconds": 1,
            "fifo_queue": false,
            "fifo_throughput_limit": "",
            "id": "https://sqs.ap-northeast-2.amazonaws.com/156557625960/payment_result_mailing_queue",
            "kms_data_key_reuse_period_seconds": 300,
            "kms_master_key_id": "",
            "max_message_size": 2048,
            "message_retention_seconds": 86400,
            "name": "payment_result_mailing_queue",
            "name_prefix": "",
            "policy": "{\"Statement\":[{\"Action\":\"sqs:SendMessage\",\"Condition\":{\"ArnEquals\":{\"aws:SourceArn\":\"arn:aws:sns:ap-northeast-2:156557625960:payment_result_mailing\"}},\"Effect\":\"Allow\",\"Principal\":{\"AWS\":\"*\"},\"Resource\":\"arn:aws:sqs:ap-northeast-2:156557625960:payment_result_mailing_queue\"}],\"Version\":\"2012-10-17\"}",
            "receive_wait_time_seconds": 1,
            "redrive_allow_policy": "",
            "redrive_policy": "{\"deadLetterTargetArn\":\"arn:aws:sqs:ap-northeast-2:156557625960:payment_result_mailing_dlq\",\"maxReceiveCount\":3}",
            "sqs_managed_sse_enabled": true,
            "tags": {},
            "tags_all": {},
            "url": "https://sqs.ap-northeast-2.amazonaws.com/156557625960/payment_result_mailing_queue",
            "visibility_timeout_seconds": 30
          },
          "sensitive_attributes": [],
          "private": "bnVsbA==",
          "dependencies": [
            "aws_sqs_queue.payment_result_mailing_dlq"
          ]
        }
      ]
    },
    {
      "mode": "managed",
      "type": "aws_sqs_queue_policy",
      "name": "after_approval_queue_policy",
      "provider": "provider[\"registry.terraform.io/hashicorp/aws\"]",
      "instances": [
        {
          "schema_version": 1,
          "attributes": {
            "id": "https://sqs.ap-northeast-2.amazonaws.com/156557625960/after_approval_queue",
            "policy": "{\"Statement\":[{\"Action\":\"sqs:SendMessage\",\"Condition\":{\"ArnEquals\":{\"aws:SourceArn\":\"arn:aws:sns:ap-northeast-2:156557625960:after_approval\"}},\"Effect\":\"Allow\",\"Principal\":{\"AWS\":\"*\"},\"Resource\":\"arn:aws:sqs:ap-northeast-2:156557625960:after_approval_queue\"}],\"Version\":\"2012-10-17\"}",
            "queue_url": "https://sqs.ap-northeast-2.amazonaws.com/156557625960/after_approval_queue"
          },
          "sensitive_attributes": [],
          "private": "eyJzY2hlbWFfdmVyc2lvbiI6IjEifQ==",
          "dependencies": [
            "aws_sns_topic.after_approval",
            "aws_sqs_queue.after_approval_dlq",
            "aws_sqs_queue.after_approval_queue"
          ]
        }
      ]
    },
    {
      "mode": "managed",
      "type": "aws_sqs_queue_policy",
      "name": "goal_achievement_queue_policy",
      "provider": "provider[\"registry.terraform.io/hashicorp/aws\"]",
      "instances": [
        {
          "schema_version": 1,
          "attributes": {
            "id": "https://sqs.ap-northeast-2.amazonaws.com/156557625960/goal_achievement_queue",
            "policy": "{\"Statement\":[{\"Action\":\"sqs:SendMessage\",\"Condition\":{\"ArnEquals\":{\"aws:SourceArn\":\"arn:aws:sns:ap-northeast-2:156557625960:goal_achievement\"}},\"Effect\":\"Allow\",\"Principal\":{\"AWS\":\"*\"},\"Resource\":\"arn:aws:sqs:ap-northeast-2:156557625960:goal_achievement_queue\"}],\"Version\":\"2012-10-17\"}",
            "queue_url": "https://sqs.ap-northeast-2.amazonaws.com/156557625960/goal_achievement_queue"
          },
          "sensitive_attributes": [],
          "private": "eyJzY2hlbWFfdmVyc2lvbiI6IjEifQ==",
          "dependencies": [
            "aws_sns_topic.goal_achievement",
            "aws_sqs_queue.goal_achievement_dlq",
            "aws_sqs_queue.goal_achievement_queue"
          ]
        }
      ]
    },
    {
      "mode": "managed",
      "type": "aws_sqs_queue_policy",
      "name": "payment_attempt_queue_policy",
      "provider": "provider[\"registry.terraform.io/hashicorp/aws\"]",
      "instances": [
        {
          "schema_version": 1,
          "attributes": {
            "id": "https://sqs.ap-northeast-2.amazonaws.com/156557625960/payment_attempt_queue",
            "policy": "{\"Statement\":[{\"Action\":\"sqs:SendMessage\",\"Condition\":{\"ArnEquals\":{\"aws:SourceArn\":\"arn:aws:sns:ap-northeast-2:156557625960:payment_attempt\"}},\"Effect\":\"Allow\",\"Principal\":{\"AWS\":\"*\"},\"Resource\":\"arn:aws:sqs:ap-northeast-2:156557625960:payment_attempt_queue\"}],\"Version\":\"2012-10-17\"}",
            "queue_url": "https://sqs.ap-northeast-2.amazonaws.com/156557625960/payment_attempt_queue"
          },
          "sensitive_attributes": [],
          "private": "eyJzY2hlbWFfdmVyc2lvbiI6IjEifQ==",
          "dependencies": [
            "aws_sns_topic.payment_attempt",
            "aws_sqs_queue.payment_attempt_dlq",
            "aws_sqs_queue.payment_attempt_queue"
          ]
        }
      ]
    },
    {
      "mode": "managed",
      "type": "aws_sqs_queue_policy",
      "name": "payment_result_mailing_queue_policy",
      "provider": "provider[\"registry.terraform.io/hashicorp/aws\"]",
      "instances": [
        {
          "schema_version": 1,
          "attributes": {
            "id": "https://sqs.ap-northeast-2.amazonaws.com/156557625960/payment_result_mailing_queue",
            "policy": "{\"Statement\":[{\"Action\":\"sqs:SendMessage\",\"Condition\":{\"ArnEquals\":{\"aws:SourceArn\":\"arn:aws:sns:ap-northeast-2:156557625960:payment_result_mailing\"}},\"Effect\":\"Allow\",\"Principal\":{\"AWS\":\"*\"},\"Resource\":\"arn:aws:sqs:ap-northeast-2:156557625960:payment_result_mailing_queue\"}],\"Version\":\"2012-10-17\"}",
            "queue_url": "https://sqs.ap-northeast-2.amazonaws.com/156557625960/payment_result_mailing_queue"
          },
          "sensitive_attributes": [],
          "private": "eyJzY2hlbWFfdmVyc2lvbiI6IjEifQ==",
          "dependencies": [
            "aws_sns_topic.payment_result_mailing",
            "aws_sqs_queue.payment_result_mailing_dlq",
            "aws_sqs_queue.payment_result_mailing_queue"
          ]
        }
      ]
    }
  ],
  "check_results": null
}
